// !$*UTF8*$!
{
	archiveVersion = 1;
	classes = {
	};
	objectVersion = 48;
	objects = {

/* Begin PBXBuildFile section */
		4904C8381FD1ED4600CCEC1C /* BsonInt64.swift in Sources */ = {isa = PBXBuildFile; fileRef = 4904C8371FD1ED4600CCEC1C /* BsonInt64.swift */; };
		4904C83A1FD1EDB700CCEC1C /* BsonBool.swift in Sources */ = {isa = PBXBuildFile; fileRef = 4904C8391FD1EDB700CCEC1C /* BsonBool.swift */; };
		4904C83C1FD1F0F100CCEC1C /* BsonDouble.swift in Sources */ = {isa = PBXBuildFile; fileRef = 4904C83B1FD1F0F100CCEC1C /* BsonDouble.swift */; };
		4904C83E1FD1F0F900CCEC1C /* BsonDecimal.swift in Sources */ = {isa = PBXBuildFile; fileRef = 4904C83D1FD1F0F900CCEC1C /* BsonDecimal.swift */; };
		4904C8401FD1F1EB00CCEC1C /* Decimal.swift in Sources */ = {isa = PBXBuildFile; fileRef = 4904C83F1FD1F1EB00CCEC1C /* Decimal.swift */; };
		4904C8421FD1F28B00CCEC1C /* BsonJavascriptWithScope.swift in Sources */ = {isa = PBXBuildFile; fileRef = 4904C8411FD1F28B00CCEC1C /* BsonJavascriptWithScope.swift */; };
		4904C8441FD1F4FD00CCEC1C /* BsonJavascript.swift in Sources */ = {isa = PBXBuildFile; fileRef = 4904C8431FD1F4FD00CCEC1C /* BsonJavascript.swift */; };
		4904C8461FD1F53600CCEC1C /* BsonString.swift in Sources */ = {isa = PBXBuildFile; fileRef = 4904C8451FD1F53600CCEC1C /* BsonString.swift */; };
		4904C8481FD1F5C000CCEC1C /* BsonSymbol.swift in Sources */ = {isa = PBXBuildFile; fileRef = 4904C8471FD1F5C000CCEC1C /* BsonSymbol.swift */; };
		4904C84A1FD1F63300CCEC1C /* BsonObjectId.swift in Sources */ = {isa = PBXBuildFile; fileRef = 4904C8491FD1F63300CCEC1C /* BsonObjectId.swift */; };
		4904C84C1FD1F6E800CCEC1C /* BsonDateTime.swift in Sources */ = {isa = PBXBuildFile; fileRef = 4904C84B1FD1F6E800CCEC1C /* BsonDateTime.swift */; };
		4904C8501FD20A3B00CCEC1C /* BsonMinKey.swift in Sources */ = {isa = PBXBuildFile; fileRef = 4904C84F1FD20A3B00CCEC1C /* BsonMinKey.swift */; };
		4904C8521FD20A7400CCEC1C /* BsonMaxKey.swift in Sources */ = {isa = PBXBuildFile; fileRef = 4904C8511FD20A7400CCEC1C /* BsonMaxKey.swift */; };
		4904C8541FD20AA800CCEC1C /* BsonNull.swift in Sources */ = {isa = PBXBuildFile; fileRef = 4904C8531FD20AA800CCEC1C /* BsonNull.swift */; };
		4904C8561FD20C9B00CCEC1C /* NoOpFieldNameValidator.swift in Sources */ = {isa = PBXBuildFile; fileRef = 4904C8551FD20C9B00CCEC1C /* NoOpFieldNameValidator.swift */; };
		490A6DE21FD3606E00D2391F /* Array+Codable.swift in Sources */ = {isa = PBXBuildFile; fileRef = 490A6DE11FD3606E00D2391F /* Array+Codable.swift */; };
		490A6DE41FD3739300D2391F /* CodableRegistry.swift in Sources */ = {isa = PBXBuildFile; fileRef = 490A6DE31FD3739300D2391F /* CodableRegistry.swift */; };
		492218AA1FC5FC9D00DAE038 /* bson.framework in Frameworks */ = {isa = PBXBuildFile; fileRef = 492218A01FC5FC9D00DAE038 /* bson.framework */; };
		492218AF1FC5FC9D00DAE038 /* bsonTests.swift in Sources */ = {isa = PBXBuildFile; fileRef = 492218AE1FC5FC9D00DAE038 /* bsonTests.swift */; };
		492218B11FC5FC9D00DAE038 /* bson.h in Headers */ = {isa = PBXBuildFile; fileRef = 492218A31FC5FC9D00DAE038 /* bson.h */; settings = {ATTRIBUTES = (Public, ); }; };
		493BAB211FCA1AE400A3AC2E /* BsonValueCodableProvider.swift in Sources */ = {isa = PBXBuildFile; fileRef = 493BAB201FCA1AE400A3AC2E /* BsonValueCodableProvider.swift */; };
		493BAB231FCA37DF00A3AC2E /* RuntimeError.swift in Sources */ = {isa = PBXBuildFile; fileRef = 493BAB221FCA37DF00A3AC2E /* RuntimeError.swift */; };
		493FBC611FC5FD0800E540A7 /* BsonValue.swift in Sources */ = {isa = PBXBuildFile; fileRef = 493FBC601FC5FD0800E540A7 /* BsonValue.swift */; };
		493FBC631FC5FD0D00E540A7 /* BsonDocument.swift in Sources */ = {isa = PBXBuildFile; fileRef = 493FBC621FC5FD0D00E540A7 /* BsonDocument.swift */; };
		493FBC651FC5FD3700E540A7 /* Bson.swift in Sources */ = {isa = PBXBuildFile; fileRef = 493FBC641FC5FD3700E540A7 /* Bson.swift */; };
		493FBC6B1FC5FDFC00E540A7 /* BsonEncodable.swift in Sources */ = {isa = PBXBuildFile; fileRef = 493FBC6A1FC5FDFC00E540A7 /* BsonEncodable.swift */; };
		493FBC6D1FC5FE2E00E540A7 /* BsonWriter.swift in Sources */ = {isa = PBXBuildFile; fileRef = 493FBC6C1FC5FE2E00E540A7 /* BsonWriter.swift */; };
		493FBC6F1FC5FE5900E540A7 /* BsonDecodable.swift in Sources */ = {isa = PBXBuildFile; fileRef = 493FBC6E1FC5FE5900E540A7 /* BsonDecodable.swift */; };
		493FBC711FC5FE7C00E540A7 /* BsonCodable.swift in Sources */ = {isa = PBXBuildFile; fileRef = 493FBC701FC5FE7C00E540A7 /* BsonCodable.swift */; };
		493FBC731FC5FED200E540A7 /* BsonReader.swift in Sources */ = {isa = PBXBuildFile; fileRef = 493FBC721FC5FED200E540A7 /* BsonReader.swift */; };
		494D38EA1FCA66160040F29E /* BsonRegularExpression.swift in Sources */ = {isa = PBXBuildFile; fileRef = 494D38E91FCA66160040F29E /* BsonRegularExpression.swift */; };
		494D38EC1FCA68670040F29E /* BsonDbPointer.swift in Sources */ = {isa = PBXBuildFile; fileRef = 494D38EB1FCA68670040F29E /* BsonDbPointer.swift */; };
		494D38EE1FCA6B060040F29E /* BsonTimestamp.swift in Sources */ = {isa = PBXBuildFile; fileRef = 494D38ED1FCA6B060040F29E /* BsonTimestamp.swift */; };
		494D38F01FCA6D400040F29E /* BsonReaderMark.swift in Sources */ = {isa = PBXBuildFile; fileRef = 494D38EF1FCA6D400040F29E /* BsonReaderMark.swift */; };
		494D38F21FCA6EA70040F29E /* AbstractBsonReader.swift in Sources */ = {isa = PBXBuildFile; fileRef = 494D38F11FCA6EA70040F29E /* AbstractBsonReader.swift */; };
		494D38F41FCA6FC10040F29E /* BsonContextType.swift in Sources */ = {isa = PBXBuildFile; fileRef = 494D38F31FCA6FC10040F29E /* BsonContextType.swift */; };
		494D38F61FCA7D770040F29E /* BSONError.swift in Sources */ = {isa = PBXBuildFile; fileRef = 494D38F51FCA7D770040F29E /* BSONError.swift */; };
		494D38F81FCB2FEF0040F29E /* JsonReader.swift in Sources */ = {isa = PBXBuildFile; fileRef = 494D38F71FCB2FEF0040F29E /* JsonReader.swift */; };
		494D38FB1FCB30A20040F29E /* JsonScanner.swift in Sources */ = {isa = PBXBuildFile; fileRef = 494D38FA1FCB30A20040F29E /* JsonScanner.swift */; };
		494D38FF1FCB30E90040F29E /* JsonBuffer.swift in Sources */ = {isa = PBXBuildFile; fileRef = 494D38FE1FCB30E90040F29E /* JsonBuffer.swift */; };
		494D39011FCB31620040F29E /* JSONError.swift in Sources */ = {isa = PBXBuildFile; fileRef = 494D39001FCB31620040F29E /* JSONError.swift */; };
		494D39031FCB33CF0040F29E /* Unicode.swift in Sources */ = {isa = PBXBuildFile; fileRef = 494D39021FCB33CF0040F29E /* Unicode.swift */; };
		494D39051FCB386E0040F29E /* JsonToken.swift in Sources */ = {isa = PBXBuildFile; fileRef = 494D39041FCB386E0040F29E /* JsonToken.swift */; };
		494D39071FCB388B0040F29E /* JsonTokenType.swift in Sources */ = {isa = PBXBuildFile; fileRef = 494D39061FCB388B0040F29E /* JsonTokenType.swift */; };
		4996D7491FC5FFB60099179B /* DecoderContext.swift in Sources */ = {isa = PBXBuildFile; fileRef = 4996D7481FC5FFB60099179B /* DecoderContext.swift */; };
		4996D74B1FC5FFC50099179B /* EncoderContext.swift in Sources */ = {isa = PBXBuildFile; fileRef = 4996D74A1FC5FFC50099179B /* EncoderContext.swift */; };
		4996D74D1FC602C40099179B /* BsonType.swift in Sources */ = {isa = PBXBuildFile; fileRef = 4996D74C1FC602C40099179B /* BsonType.swift */; };
		4996D74F1FC604490099179B /* BsonArray.swift in Sources */ = {isa = PBXBuildFile; fileRef = 4996D74E1FC604480099179B /* BsonArray.swift */; };
		49B5DAA61FD4648D00A3B692 /* UuidRepresentation.swift in Sources */ = {isa = PBXBuildFile; fileRef = 49B5DAA51FD4648D00A3B692 /* UuidRepresentation.swift */; };
		49B5DAA81FD49FE000A3B692 /* Byte+Codable.swift in Sources */ = {isa = PBXBuildFile; fileRef = 49B5DAA71FD49FE000A3B692 /* Byte+Codable.swift */; };
		49B5DAAA1FD4A0AA00A3B692 /* NumberCodableHelper.swift in Sources */ = {isa = PBXBuildFile; fileRef = 49B5DAA91FD4A0AA00A3B692 /* NumberCodableHelper.swift */; };
		49B5DAAC1FD4A35F00A3B692 /* ValueCodableProvider.swift in Sources */ = {isa = PBXBuildFile; fileRef = 49B5DAAB1FD4A35F00A3B692 /* ValueCodableProvider.swift */; };
		49B5DAAE1FD4A41900A3B692 /* Bool+Codable.swift in Sources */ = {isa = PBXBuildFile; fileRef = 49B5DAAD1FD4A41900A3B692 /* Bool+Codable.swift */; };
		49B5DAB01FD4D1E000A3B692 /* Binary.swift in Sources */ = {isa = PBXBuildFile; fileRef = 49B5DAAF1FD4D1E000A3B692 /* Binary.swift */; };
		49B5DAB21FD4FCF000A3B692 /* Code.swift in Sources */ = {isa = PBXBuildFile; fileRef = 49B5DAB11FD4FCF000A3B692 /* Code.swift */; };
		49B5DAB41FD4FD7200A3B692 /* CodeWithScope.swift in Sources */ = {isa = PBXBuildFile; fileRef = 49B5DAB31FD4FD7200A3B692 /* CodeWithScope.swift */; };
		49B5DAB61FD4FE3200A3B692 /* Symbol.swift in Sources */ = {isa = PBXBuildFile; fileRef = 49B5DAB51FD4FE3200A3B692 /* Symbol.swift */; };
		49B5DAB91FD510E800A3B692 /* BsonOutput.swift in Sources */ = {isa = PBXBuildFile; fileRef = 49B5DAB81FD510E800A3B692 /* BsonOutput.swift */; };
		49B5DABB1FD511C600A3B692 /* OutputBuffer.swift in Sources */ = {isa = PBXBuildFile; fileRef = 49B5DABA1FD511C600A3B692 /* OutputBuffer.swift */; };
		49B5DABD1FD5130400A3B692 /* ByteBuf.swift in Sources */ = {isa = PBXBuildFile; fileRef = 49B5DABC1FD5130400A3B692 /* ByteBuf.swift */; };
		49B5DAC11FD5E94600A3B692 /* BasicOutputBuffer.swift in Sources */ = {isa = PBXBuildFile; fileRef = 49B5DAC01FD5E94600A3B692 /* BasicOutputBuffer.swift */; };
		49B5DAC31FD5F11300A3B692 /* ByteBufImpl.swift in Sources */ = {isa = PBXBuildFile; fileRef = 49B5DAC21FD5F11300A3B692 /* ByteBufImpl.swift */; };
		49B5DAC51FD5F3C700A3B692 /* ExtendedJsonDateTimeConverter.swift in Sources */ = {isa = PBXBuildFile; fileRef = 49B5DAC41FD5F3C700A3B692 /* ExtendedJsonDateTimeConverter.swift */; };
		49B5DAC71FD5F45300A3B692 /* ExtendedJsonDecimalConverter.swift in Sources */ = {isa = PBXBuildFile; fileRef = 49B5DAC61FD5F45300A3B692 /* ExtendedJsonDecimalConverter.swift */; };
		49B5DAC91FD5F52100A3B692 /* ExtendedJsonDoubleConverter.swift in Sources */ = {isa = PBXBuildFile; fileRef = 49B5DAC81FD5F52100A3B692 /* ExtendedJsonDoubleConverter.swift */; };
		49B5DACB1FD5F56800A3B692 /* ExtendedJsonInt32Converter.swift in Sources */ = {isa = PBXBuildFile; fileRef = 49B5DACA1FD5F56800A3B692 /* ExtendedJsonInt32Converter.swift */; };
		49B5DACD1FD5F5D900A3B692 /* ExtendedJsonInt64Converter.swift in Sources */ = {isa = PBXBuildFile; fileRef = 49B5DACC1FD5F5D900A3B692 /* ExtendedJsonInt64Converter.swift */; };
		49B5DACF1FD5F61D00A3B692 /* ExtendedJsonMaxKeyConverter.swift in Sources */ = {isa = PBXBuildFile; fileRef = 49B5DACE1FD5F61D00A3B692 /* ExtendedJsonMaxKeyConverter.swift */; };
		49B5DAD11FD5F65C00A3B692 /* ExtendedJsonMinKeyConverter.swift in Sources */ = {isa = PBXBuildFile; fileRef = 49B5DAD01FD5F65C00A3B692 /* ExtendedJsonMinKeyConverter.swift */; };
		49B5DAD31FD5F6A300A3B692 /* ExtendedJsonObjectIdConverter.swift in Sources */ = {isa = PBXBuildFile; fileRef = 49B5DAD21FD5F6A300A3B692 /* ExtendedJsonObjectIdConverter.swift */; };
		49B5DAD51FD5F6CC00A3B692 /* ExtendedJsonRegularExpressionConverter.swift in Sources */ = {isa = PBXBuildFile; fileRef = 49B5DAD41FD5F6CC00A3B692 /* ExtendedJsonRegularExpressionConverter.swift */; };
		49B5DAD71FD5F72B00A3B692 /* ExtendedJsonTimestampConverter.swift in Sources */ = {isa = PBXBuildFile; fileRef = 49B5DAD61FD5F72B00A3B692 /* ExtendedJsonTimestampConverter.swift */; };
		49B5DAD91FD5F7B700A3B692 /* ExtendedJsonUndefinedConverter.swift in Sources */ = {isa = PBXBuildFile; fileRef = 49B5DAD81FD5F7B700A3B692 /* ExtendedJsonUndefinedConverter.swift */; };
		49B5DADB1FD5F7D800A3B692 /* JsonBoolConverter.swift in Sources */ = {isa = PBXBuildFile; fileRef = 49B5DADA1FD5F7D800A3B692 /* JsonBoolConverter.swift */; };
		49B5DADD1FD5F80700A3B692 /* JsonDoubleConverter.swift in Sources */ = {isa = PBXBuildFile; fileRef = 49B5DADC1FD5F80700A3B692 /* JsonDoubleConverter.swift */; };
		49B5DADF1FD5F86200A3B692 /* JsonInt32Converter.swift in Sources */ = {isa = PBXBuildFile; fileRef = 49B5DADE1FD5F86200A3B692 /* JsonInt32Converter.swift */; };
		49B5DAE11FD5F88700A3B692 /* JsonJavascriptConverter.swift in Sources */ = {isa = PBXBuildFile; fileRef = 49B5DAE01FD5F88700A3B692 /* JsonJavascriptConverter.swift */; };
		49B5DAE31FD5F8BB00A3B692 /* JsonMode.swift in Sources */ = {isa = PBXBuildFile; fileRef = 49B5DAE21FD5F8BB00A3B692 /* JsonMode.swift */; };
		49B5DAE51FD5F8E400A3B692 /* JsonNullConverter.swift in Sources */ = {isa = PBXBuildFile; fileRef = 49B5DAE41FD5F8E400A3B692 /* JsonNullConverter.swift */; };
		49B5DAE71FD5F91400A3B692 /* JsonStringConverter.swift in Sources */ = {isa = PBXBuildFile; fileRef = 49B5DAE61FD5F91400A3B692 /* JsonStringConverter.swift */; };
		49B5DAE91FD5F93400A3B692 /* JsonSymbolConverter.swift in Sources */ = {isa = PBXBuildFile; fileRef = 49B5DAE81FD5F93400A3B692 /* JsonSymbolConverter.swift */; };
		49B5DAEB1FD5FAB400A3B692 /* LegacyExtendedJsonBinaryConverter.swift in Sources */ = {isa = PBXBuildFile; fileRef = 49B5DAEA1FD5FAB400A3B692 /* LegacyExtendedJsonBinaryConverter.swift */; };
		49B5DAED1FD5FB9D00A3B692 /* LegacyExtendedJsonDateTimeConverter.swift in Sources */ = {isa = PBXBuildFile; fileRef = 49B5DAEC1FD5FB9D00A3B692 /* LegacyExtendedJsonDateTimeConverter.swift */; };
		49B5DAEF1FD5FBE200A3B692 /* LegacyExtendedJsonRegularExpressionConverter.swift in Sources */ = {isa = PBXBuildFile; fileRef = 49B5DAEE1FD5FBE200A3B692 /* LegacyExtendedJsonRegularExpressionConverter.swift */; };
		49B5DAF11FD5FC4500A3B692 /* RelaxedExtendedJsonDateTimeConverter.swift in Sources */ = {isa = PBXBuildFile; fileRef = 49B5DAF01FD5FC4500A3B692 /* RelaxedExtendedJsonDateTimeConverter.swift */; };
		49B5DAF31FD5FE4F00A3B692 /* Date.swift in Sources */ = {isa = PBXBuildFile; fileRef = 49B5DAF21FD5FE4F00A3B692 /* Date.swift */; };
		49B5DAF51FD5FEAA00A3B692 /* RelaxedExtendedJsonDoubleConverter.swift in Sources */ = {isa = PBXBuildFile; fileRef = 49B5DAF41FD5FEAA00A3B692 /* RelaxedExtendedJsonDoubleConverter.swift */; };
		49B5DAF71FD5FF0800A3B692 /* RelaxedExtendedJsonInt64Converter.swift in Sources */ = {isa = PBXBuildFile; fileRef = 49B5DAF61FD5FF0800A3B692 /* RelaxedExtendedJsonInt64Converter.swift */; };
		49B5DAF91FD5FF3200A3B692 /* ShellBinaryConverter.swift in Sources */ = {isa = PBXBuildFile; fileRef = 49B5DAF81FD5FF3200A3B692 /* ShellBinaryConverter.swift */; };
		49B5DAFB1FD5FF9500A3B692 /* ShellDateTimeConverter.swift in Sources */ = {isa = PBXBuildFile; fileRef = 49B5DAFA1FD5FF9500A3B692 /* ShellDateTimeConverter.swift */; };
		49B5DAFD1FD6002000A3B692 /* ShellDecimalConverter.swift in Sources */ = {isa = PBXBuildFile; fileRef = 49B5DAFC1FD6002000A3B692 /* ShellDecimalConverter.swift */; };
		49B5DAFF1FD6006D00A3B692 /* ShellInt64Converter.swift in Sources */ = {isa = PBXBuildFile; fileRef = 49B5DAFE1FD6006D00A3B692 /* ShellInt64Converter.swift */; };
		49B5DB011FD600C200A3B692 /* ShellMaxKeyConverter.swift in Sources */ = {isa = PBXBuildFile; fileRef = 49B5DB001FD600C200A3B692 /* ShellMaxKeyConverter.swift */; };
		49B5DB031FD600ED00A3B692 /* ShellMinKeyConverter.swift in Sources */ = {isa = PBXBuildFile; fileRef = 49B5DB021FD600ED00A3B692 /* ShellMinKeyConverter.swift */; };
		49B5DB051FD6011500A3B692 /* ShellObjectIdConverter.swift in Sources */ = {isa = PBXBuildFile; fileRef = 49B5DB041FD6011500A3B692 /* ShellObjectIdConverter.swift */; };
		49B5DB071FD6014600A3B692 /* ShellRegularExpressionConverter.swift in Sources */ = {isa = PBXBuildFile; fileRef = 49B5DB061FD6014600A3B692 /* ShellRegularExpressionConverter.swift */; };
		49B5DB091FD6018700A3B692 /* ShellTimestampConverter.swift in Sources */ = {isa = PBXBuildFile; fileRef = 49B5DB081FD6018700A3B692 /* ShellTimestampConverter.swift */; };
		49B5DB0B1FD601E200A3B692 /* ShellUndefinedConverter.swift in Sources */ = {isa = PBXBuildFile; fileRef = 49B5DB0A1FD601E200A3B692 /* ShellUndefinedConverter.swift */; };
		49B5DB0D1FD6023200A3B692 /* JsonWriterSettings.swift in Sources */ = {isa = PBXBuildFile; fileRef = 49B5DB0C1FD6023200A3B692 /* JsonWriterSettings.swift */; settings = {COMPILER_FLAGS = "-Wno-deprecated-declarations "; }; };
		49B5DB0F1FD61D3100A3B692 /* JsonWriter.swift in Sources */ = {isa = PBXBuildFile; fileRef = 49B5DB0E1FD61D3100A3B692 /* JsonWriter.swift */; };
		49B5DB111FD61E7A00A3B692 /* StrictCharacterStreamJsonWriterSettings.swift in Sources */ = {isa = PBXBuildFile; fileRef = 49B5DB101FD61E7A00A3B692 /* StrictCharacterStreamJsonWriterSettings.swift */; };
		49B5DB131FD61F7300A3B692 /* StrictCharacterStreamJsonWriter.swift in Sources */ = {isa = PBXBuildFile; fileRef = 49B5DB121FD61F7300A3B692 /* StrictCharacterStreamJsonWriter.swift */; };
		49B5DB151FD63BC800A3B692 /* JsonWriterTest.swift in Sources */ = {isa = PBXBuildFile; fileRef = 49B5DB141FD63BC800A3B692 /* JsonWriterTest.swift */; };
		49BDB91C1FD3474500238A70 /* UUID+Codable.swift in Sources */ = {isa = PBXBuildFile; fileRef = 49BDB91B1FD3474500238A70 /* UUID+Codable.swift */; };
		49BDB91E1FD34F4D00238A70 /* Converter.swift in Sources */ = {isa = PBXBuildFile; fileRef = 49BDB91D1FD34F4D00238A70 /* Converter.swift */; };
		49BDB9201FD34F8A00238A70 /* StrictJsonWriter.swift in Sources */ = {isa = PBXBuildFile; fileRef = 49BDB91F1FD34F8A00238A70 /* StrictJsonWriter.swift */; };
		49BDB9221FD350CB00238A70 /* ExtendedJsonBinaryConverter.swift in Sources */ = {isa = PBXBuildFile; fileRef = 49BDB9211FD350CB00238A70 /* ExtendedJsonBinaryConverter.swift */; };
		49BDB9251FD3580600238A70 /* CodableProvider.swift in Sources */ = {isa = PBXBuildFile; fileRef = 49BDB9241FD3580600238A70 /* CodableProvider.swift */; };
		49BDB9271FD35DD800238A70 /* Transformer.swift in Sources */ = {isa = PBXBuildFile; fileRef = 49BDB9261FD35DD800238A70 /* Transformer.swift */; };
		49C411FC1FCCC17C0015B7A9 /* MinKey.swift in Sources */ = {isa = PBXBuildFile; fileRef = 49C411FB1FCCC17C0015B7A9 /* MinKey.swift */; };
		49C411FE1FCCC1C60015B7A9 /* MaxKey.swift in Sources */ = {isa = PBXBuildFile; fileRef = 49C411FD1FCCC1C60015B7A9 /* MaxKey.swift */; };
		49C412001FCCC20F0015B7A9 /* BsonUndefined.swift in Sources */ = {isa = PBXBuildFile; fileRef = 49C411FF1FCCC20F0015B7A9 /* BsonUndefined.swift */; };
		49C412031FCD00C70015B7A9 /* JsonReaderTest.swift in Sources */ = {isa = PBXBuildFile; fileRef = 49C412021FCD00C60015B7A9 /* JsonReaderTest.swift */; };
		49C412051FCD059E0015B7A9 /* JsonScannerTest.swift in Sources */ = {isa = PBXBuildFile; fileRef = 49C412041FCD059E0015B7A9 /* JsonScannerTest.swift */; };
		49CCE84C1FCA427900EE846D /* BsonBinary.swift in Sources */ = {isa = PBXBuildFile; fileRef = 49CCE84B1FCA427900EE846D /* BsonBinary.swift */; };
		49CCE84E1FCA42FE00EE846D /* BsonBinarySubType.swift in Sources */ = {isa = PBXBuildFile; fileRef = 49CCE84D1FCA42FE00EE846D /* BsonBinarySubType.swift */; };
		49CCE8501FCA45AE00EE846D /* ObjectId.swift in Sources */ = {isa = PBXBuildFile; fileRef = 49CCE84F1FCA45AE00EE846D /* ObjectId.swift */; };
		49CCE8541FCA474100EE846D /* AtomicInteger.swift in Sources */ = {isa = PBXBuildFile; fileRef = 49CCE8531FCA474100EE846D /* AtomicInteger.swift */; };
		49CCE8561FCA481800EE846D /* SecureRandom.swift in Sources */ = {isa = PBXBuildFile; fileRef = 49CCE8551FCA481800EE846D /* SecureRandom.swift */; };
		49CCE85A1FCA513000EE846D /* Bytes.swift in Sources */ = {isa = PBXBuildFile; fileRef = 49CCE8591FCA513000EE846D /* Bytes.swift */; };
		49D0D0AA1FD1E71900AA9BCB /* BsonInt32.swift in Sources */ = {isa = PBXBuildFile; fileRef = 49D0D0A91FD1E71900AA9BCB /* BsonInt32.swift */; };
		49D0D0AC1FD1E7D400AA9BCB /* BsonNumber.swift in Sources */ = {isa = PBXBuildFile; fileRef = 49D0D0AB1FD1E7D400AA9BCB /* BsonNumber.swift */; };
		49DAF4F71FCF683700325F10 /* CollectibleCodec.swift in Sources */ = {isa = PBXBuildFile; fileRef = 49DAF4F61FCF683700325F10 /* CollectibleCodec.swift */; };
		49DAF4FB1FCF690400325F10 /* Document.swift in Sources */ = {isa = PBXBuildFile; fileRef = 49DAF4FA1FCF690400325F10 /* Document.swift */; };
		49DAF4FD1FCF695700325F10 /* BsonDocumentWrapper.swift in Sources */ = {isa = PBXBuildFile; fileRef = 49DAF4FC1FCF695700325F10 /* BsonDocumentWrapper.swift */; };
		49DAF5011FCF800A00325F10 /* BsonDocumentWriter.swift in Sources */ = {isa = PBXBuildFile; fileRef = 49DAF5001FCF800A00325F10 /* BsonDocumentWriter.swift */; };
		49DAF5031FCF803300325F10 /* AbstractBsonWriter.swift in Sources */ = {isa = PBXBuildFile; fileRef = 49DAF5021FCF803300325F10 /* AbstractBsonWriter.swift */; };
		49DAF5051FCF821900325F10 /* BsonWriterSettings.swift in Sources */ = {isa = PBXBuildFile; fileRef = 49DAF5041FCF821900325F10 /* BsonWriterSettings.swift */; };
		49DAF5071FCF827C00325F10 /* FieldNameValidator.swift in Sources */ = {isa = PBXBuildFile; fileRef = 49DAF5061FCF827C00325F10 /* FieldNameValidator.swift */; };
		49DAF5091FCF82E000325F10 /* Stack.swift in Sources */ = {isa = PBXBuildFile; fileRef = 49DAF5081FCF82E000325F10 /* Stack.swift */; };
		49DAF50B1FCFB0C900325F10 /* StringUtils.swift in Sources */ = {isa = PBXBuildFile; fileRef = 49DAF50A1FCFB0C900325F10 /* StringUtils.swift */; };
/* End PBXBuildFile section */

/* Begin PBXContainerItemProxy section */
		492218AB1FC5FC9D00DAE038 /* PBXContainerItemProxy */ = {
			isa = PBXContainerItemProxy;
			containerPortal = 492218971FC5FC9D00DAE038 /* Project object */;
			proxyType = 1;
			remoteGlobalIDString = 4922189F1FC5FC9D00DAE038;
			remoteInfo = bson;
		};
/* End PBXContainerItemProxy section */

/* Begin PBXFileReference section */
		4904C8371FD1ED4600CCEC1C /* BsonInt64.swift */ = {isa = PBXFileReference; lastKnownFileType = sourcecode.swift; path = BsonInt64.swift; sourceTree = "<group>"; };
		4904C8391FD1EDB700CCEC1C /* BsonBool.swift */ = {isa = PBXFileReference; lastKnownFileType = sourcecode.swift; path = BsonBool.swift; sourceTree = "<group>"; };
		4904C83B1FD1F0F100CCEC1C /* BsonDouble.swift */ = {isa = PBXFileReference; lastKnownFileType = sourcecode.swift; path = BsonDouble.swift; sourceTree = "<group>"; };
		4904C83D1FD1F0F900CCEC1C /* BsonDecimal.swift */ = {isa = PBXFileReference; lastKnownFileType = sourcecode.swift; path = BsonDecimal.swift; sourceTree = "<group>"; };
		4904C83F1FD1F1EB00CCEC1C /* Decimal.swift */ = {isa = PBXFileReference; lastKnownFileType = sourcecode.swift; path = Decimal.swift; sourceTree = "<group>"; };
		4904C8411FD1F28B00CCEC1C /* BsonJavascriptWithScope.swift */ = {isa = PBXFileReference; lastKnownFileType = sourcecode.swift; path = BsonJavascriptWithScope.swift; sourceTree = "<group>"; };
		4904C8431FD1F4FD00CCEC1C /* BsonJavascript.swift */ = {isa = PBXFileReference; lastKnownFileType = sourcecode.swift; path = BsonJavascript.swift; sourceTree = "<group>"; };
		4904C8451FD1F53600CCEC1C /* BsonString.swift */ = {isa = PBXFileReference; lastKnownFileType = sourcecode.swift; path = BsonString.swift; sourceTree = "<group>"; };
		4904C8471FD1F5C000CCEC1C /* BsonSymbol.swift */ = {isa = PBXFileReference; lastKnownFileType = sourcecode.swift; path = BsonSymbol.swift; sourceTree = "<group>"; };
		4904C8491FD1F63300CCEC1C /* BsonObjectId.swift */ = {isa = PBXFileReference; lastKnownFileType = sourcecode.swift; path = BsonObjectId.swift; sourceTree = "<group>"; };
		4904C84B1FD1F6E800CCEC1C /* BsonDateTime.swift */ = {isa = PBXFileReference; lastKnownFileType = sourcecode.swift; path = BsonDateTime.swift; sourceTree = "<group>"; };
		4904C84F1FD20A3B00CCEC1C /* BsonMinKey.swift */ = {isa = PBXFileReference; lastKnownFileType = sourcecode.swift; path = BsonMinKey.swift; sourceTree = "<group>"; };
		4904C8511FD20A7400CCEC1C /* BsonMaxKey.swift */ = {isa = PBXFileReference; lastKnownFileType = sourcecode.swift; path = BsonMaxKey.swift; sourceTree = "<group>"; };
		4904C8531FD20AA800CCEC1C /* BsonNull.swift */ = {isa = PBXFileReference; lastKnownFileType = sourcecode.swift; path = BsonNull.swift; sourceTree = "<group>"; };
		4904C8551FD20C9B00CCEC1C /* NoOpFieldNameValidator.swift */ = {isa = PBXFileReference; lastKnownFileType = sourcecode.swift; path = NoOpFieldNameValidator.swift; sourceTree = "<group>"; };
		490A6DE11FD3606E00D2391F /* Array+Codable.swift */ = {isa = PBXFileReference; lastKnownFileType = sourcecode.swift; path = "Array+Codable.swift"; sourceTree = "<group>"; };
		490A6DE31FD3739300D2391F /* CodableRegistry.swift */ = {isa = PBXFileReference; lastKnownFileType = sourcecode.swift; path = CodableRegistry.swift; sourceTree = "<group>"; };
		492218A01FC5FC9D00DAE038 /* bson.framework */ = {isa = PBXFileReference; explicitFileType = wrapper.framework; includeInIndex = 0; path = bson.framework; sourceTree = BUILT_PRODUCTS_DIR; };
		492218A31FC5FC9D00DAE038 /* bson.h */ = {isa = PBXFileReference; lastKnownFileType = sourcecode.c.h; path = bson.h; sourceTree = "<group>"; };
		492218A41FC5FC9D00DAE038 /* Info.plist */ = {isa = PBXFileReference; lastKnownFileType = text.plist.xml; path = Info.plist; sourceTree = "<group>"; };
		492218A91FC5FC9D00DAE038 /* bsonTests.xctest */ = {isa = PBXFileReference; explicitFileType = wrapper.cfbundle; includeInIndex = 0; path = bsonTests.xctest; sourceTree = BUILT_PRODUCTS_DIR; };
		492218AE1FC5FC9D00DAE038 /* bsonTests.swift */ = {isa = PBXFileReference; lastKnownFileType = sourcecode.swift; path = bsonTests.swift; sourceTree = "<group>"; };
		492218B01FC5FC9D00DAE038 /* Info.plist */ = {isa = PBXFileReference; lastKnownFileType = text.plist.xml; path = Info.plist; sourceTree = "<group>"; };
		493BAB201FCA1AE400A3AC2E /* BsonValueCodableProvider.swift */ = {isa = PBXFileReference; lastKnownFileType = sourcecode.swift; path = BsonValueCodableProvider.swift; sourceTree = "<group>"; };
		493BAB221FCA37DF00A3AC2E /* RuntimeError.swift */ = {isa = PBXFileReference; lastKnownFileType = sourcecode.swift; path = RuntimeError.swift; sourceTree = "<group>"; };
		493FBC601FC5FD0800E540A7 /* BsonValue.swift */ = {isa = PBXFileReference; lastKnownFileType = sourcecode.swift; path = BsonValue.swift; sourceTree = "<group>"; };
		493FBC621FC5FD0D00E540A7 /* BsonDocument.swift */ = {isa = PBXFileReference; lastKnownFileType = sourcecode.swift; path = BsonDocument.swift; sourceTree = "<group>"; };
		493FBC641FC5FD3700E540A7 /* Bson.swift */ = {isa = PBXFileReference; lastKnownFileType = sourcecode.swift; path = Bson.swift; sourceTree = "<group>"; };
		493FBC6A1FC5FDFC00E540A7 /* BsonEncodable.swift */ = {isa = PBXFileReference; lastKnownFileType = sourcecode.swift; path = BsonEncodable.swift; sourceTree = "<group>"; };
		493FBC6C1FC5FE2E00E540A7 /* BsonWriter.swift */ = {isa = PBXFileReference; lastKnownFileType = sourcecode.swift; path = BsonWriter.swift; sourceTree = "<group>"; };
		493FBC6E1FC5FE5900E540A7 /* BsonDecodable.swift */ = {isa = PBXFileReference; lastKnownFileType = sourcecode.swift; path = BsonDecodable.swift; sourceTree = "<group>"; };
		493FBC701FC5FE7C00E540A7 /* BsonCodable.swift */ = {isa = PBXFileReference; lastKnownFileType = sourcecode.swift; path = BsonCodable.swift; sourceTree = "<group>"; };
		493FBC721FC5FED200E540A7 /* BsonReader.swift */ = {isa = PBXFileReference; lastKnownFileType = sourcecode.swift; path = BsonReader.swift; sourceTree = "<group>"; };
		494D38E91FCA66160040F29E /* BsonRegularExpression.swift */ = {isa = PBXFileReference; lastKnownFileType = sourcecode.swift; path = BsonRegularExpression.swift; sourceTree = "<group>"; };
		494D38EB1FCA68670040F29E /* BsonDbPointer.swift */ = {isa = PBXFileReference; lastKnownFileType = sourcecode.swift; path = BsonDbPointer.swift; sourceTree = "<group>"; };
		494D38ED1FCA6B060040F29E /* BsonTimestamp.swift */ = {isa = PBXFileReference; lastKnownFileType = sourcecode.swift; path = BsonTimestamp.swift; sourceTree = "<group>"; };
		494D38EF1FCA6D400040F29E /* BsonReaderMark.swift */ = {isa = PBXFileReference; lastKnownFileType = sourcecode.swift; path = BsonReaderMark.swift; sourceTree = "<group>"; };
		494D38F11FCA6EA70040F29E /* AbstractBsonReader.swift */ = {isa = PBXFileReference; lastKnownFileType = sourcecode.swift; path = AbstractBsonReader.swift; sourceTree = "<group>"; };
		494D38F31FCA6FC10040F29E /* BsonContextType.swift */ = {isa = PBXFileReference; lastKnownFileType = sourcecode.swift; path = BsonContextType.swift; sourceTree = "<group>"; };
		494D38F51FCA7D770040F29E /* BSONError.swift */ = {isa = PBXFileReference; lastKnownFileType = sourcecode.swift; path = BSONError.swift; sourceTree = "<group>"; };
		494D38F71FCB2FEF0040F29E /* JsonReader.swift */ = {isa = PBXFileReference; lastKnownFileType = sourcecode.swift; path = JsonReader.swift; sourceTree = "<group>"; };
		494D38FA1FCB30A20040F29E /* JsonScanner.swift */ = {isa = PBXFileReference; lastKnownFileType = sourcecode.swift; path = JsonScanner.swift; sourceTree = "<group>"; };
		494D38FE1FCB30E90040F29E /* JsonBuffer.swift */ = {isa = PBXFileReference; lastKnownFileType = sourcecode.swift; path = JsonBuffer.swift; sourceTree = "<group>"; };
		494D39001FCB31620040F29E /* JSONError.swift */ = {isa = PBXFileReference; lastKnownFileType = sourcecode.swift; path = JSONError.swift; sourceTree = "<group>"; };
		494D39021FCB33CF0040F29E /* Unicode.swift */ = {isa = PBXFileReference; lastKnownFileType = sourcecode.swift; path = Unicode.swift; sourceTree = "<group>"; };
		494D39041FCB386E0040F29E /* JsonToken.swift */ = {isa = PBXFileReference; lastKnownFileType = sourcecode.swift; path = JsonToken.swift; sourceTree = "<group>"; };
		494D39061FCB388B0040F29E /* JsonTokenType.swift */ = {isa = PBXFileReference; lastKnownFileType = sourcecode.swift; path = JsonTokenType.swift; sourceTree = "<group>"; };
		4996D7481FC5FFB60099179B /* DecoderContext.swift */ = {isa = PBXFileReference; lastKnownFileType = sourcecode.swift; path = DecoderContext.swift; sourceTree = "<group>"; };
		4996D74A1FC5FFC50099179B /* EncoderContext.swift */ = {isa = PBXFileReference; lastKnownFileType = sourcecode.swift; path = EncoderContext.swift; sourceTree = "<group>"; };
		4996D74C1FC602C40099179B /* BsonType.swift */ = {isa = PBXFileReference; lastKnownFileType = sourcecode.swift; path = BsonType.swift; sourceTree = "<group>"; };
		4996D74E1FC604480099179B /* BsonArray.swift */ = {isa = PBXFileReference; lastKnownFileType = sourcecode.swift; path = BsonArray.swift; sourceTree = "<group>"; };
		49B5DAA51FD4648D00A3B692 /* UuidRepresentation.swift */ = {isa = PBXFileReference; lastKnownFileType = sourcecode.swift; path = UuidRepresentation.swift; sourceTree = "<group>"; };
		49B5DAA71FD49FE000A3B692 /* Byte+Codable.swift */ = {isa = PBXFileReference; lastKnownFileType = sourcecode.swift; path = "Byte+Codable.swift"; sourceTree = "<group>"; };
		49B5DAA91FD4A0AA00A3B692 /* NumberCodableHelper.swift */ = {isa = PBXFileReference; lastKnownFileType = sourcecode.swift; path = NumberCodableHelper.swift; sourceTree = "<group>"; };
		49B5DAAB1FD4A35F00A3B692 /* ValueCodableProvider.swift */ = {isa = PBXFileReference; lastKnownFileType = sourcecode.swift; path = ValueCodableProvider.swift; sourceTree = "<group>"; };
		49B5DAAD1FD4A41900A3B692 /* Bool+Codable.swift */ = {isa = PBXFileReference; lastKnownFileType = sourcecode.swift; path = "Bool+Codable.swift"; sourceTree = "<group>"; };
		49B5DAAF1FD4D1E000A3B692 /* Binary.swift */ = {isa = PBXFileReference; lastKnownFileType = sourcecode.swift; path = Binary.swift; sourceTree = "<group>"; };
		49B5DAB11FD4FCF000A3B692 /* Code.swift */ = {isa = PBXFileReference; lastKnownFileType = sourcecode.swift; path = Code.swift; sourceTree = "<group>"; };
		49B5DAB31FD4FD7200A3B692 /* CodeWithScope.swift */ = {isa = PBXFileReference; lastKnownFileType = sourcecode.swift; path = CodeWithScope.swift; sourceTree = "<group>"; };
		49B5DAB51FD4FE3200A3B692 /* Symbol.swift */ = {isa = PBXFileReference; lastKnownFileType = sourcecode.swift; path = Symbol.swift; sourceTree = "<group>"; };
		49B5DAB81FD510E800A3B692 /* BsonOutput.swift */ = {isa = PBXFileReference; lastKnownFileType = sourcecode.swift; path = BsonOutput.swift; sourceTree = "<group>"; };
		49B5DABA1FD511C600A3B692 /* OutputBuffer.swift */ = {isa = PBXFileReference; lastKnownFileType = sourcecode.swift; path = OutputBuffer.swift; sourceTree = "<group>"; };
		49B5DABC1FD5130400A3B692 /* ByteBuf.swift */ = {isa = PBXFileReference; lastKnownFileType = sourcecode.swift; path = ByteBuf.swift; sourceTree = "<group>"; };
		49B5DAC01FD5E94600A3B692 /* BasicOutputBuffer.swift */ = {isa = PBXFileReference; lastKnownFileType = sourcecode.swift; path = BasicOutputBuffer.swift; sourceTree = "<group>"; };
		49B5DAC21FD5F11300A3B692 /* ByteBufImpl.swift */ = {isa = PBXFileReference; lastKnownFileType = sourcecode.swift; path = ByteBufImpl.swift; sourceTree = "<group>"; };
		49B5DAC41FD5F3C700A3B692 /* ExtendedJsonDateTimeConverter.swift */ = {isa = PBXFileReference; lastKnownFileType = sourcecode.swift; path = ExtendedJsonDateTimeConverter.swift; sourceTree = "<group>"; };
		49B5DAC61FD5F45300A3B692 /* ExtendedJsonDecimalConverter.swift */ = {isa = PBXFileReference; lastKnownFileType = sourcecode.swift; path = ExtendedJsonDecimalConverter.swift; sourceTree = "<group>"; };
		49B5DAC81FD5F52100A3B692 /* ExtendedJsonDoubleConverter.swift */ = {isa = PBXFileReference; lastKnownFileType = sourcecode.swift; path = ExtendedJsonDoubleConverter.swift; sourceTree = "<group>"; };
		49B5DACA1FD5F56800A3B692 /* ExtendedJsonInt32Converter.swift */ = {isa = PBXFileReference; lastKnownFileType = sourcecode.swift; path = ExtendedJsonInt32Converter.swift; sourceTree = "<group>"; };
		49B5DACC1FD5F5D900A3B692 /* ExtendedJsonInt64Converter.swift */ = {isa = PBXFileReference; lastKnownFileType = sourcecode.swift; path = ExtendedJsonInt64Converter.swift; sourceTree = "<group>"; };
		49B5DACE1FD5F61D00A3B692 /* ExtendedJsonMaxKeyConverter.swift */ = {isa = PBXFileReference; lastKnownFileType = sourcecode.swift; path = ExtendedJsonMaxKeyConverter.swift; sourceTree = "<group>"; };
		49B5DAD01FD5F65C00A3B692 /* ExtendedJsonMinKeyConverter.swift */ = {isa = PBXFileReference; lastKnownFileType = sourcecode.swift; path = ExtendedJsonMinKeyConverter.swift; sourceTree = "<group>"; };
		49B5DAD21FD5F6A300A3B692 /* ExtendedJsonObjectIdConverter.swift */ = {isa = PBXFileReference; lastKnownFileType = sourcecode.swift; path = ExtendedJsonObjectIdConverter.swift; sourceTree = "<group>"; };
		49B5DAD41FD5F6CC00A3B692 /* ExtendedJsonRegularExpressionConverter.swift */ = {isa = PBXFileReference; lastKnownFileType = sourcecode.swift; path = ExtendedJsonRegularExpressionConverter.swift; sourceTree = "<group>"; };
		49B5DAD61FD5F72B00A3B692 /* ExtendedJsonTimestampConverter.swift */ = {isa = PBXFileReference; lastKnownFileType = sourcecode.swift; path = ExtendedJsonTimestampConverter.swift; sourceTree = "<group>"; };
		49B5DAD81FD5F7B700A3B692 /* ExtendedJsonUndefinedConverter.swift */ = {isa = PBXFileReference; lastKnownFileType = sourcecode.swift; path = ExtendedJsonUndefinedConverter.swift; sourceTree = "<group>"; };
		49B5DADA1FD5F7D800A3B692 /* JsonBoolConverter.swift */ = {isa = PBXFileReference; lastKnownFileType = sourcecode.swift; path = JsonBoolConverter.swift; sourceTree = "<group>"; };
		49B5DADC1FD5F80700A3B692 /* JsonDoubleConverter.swift */ = {isa = PBXFileReference; lastKnownFileType = sourcecode.swift; path = JsonDoubleConverter.swift; sourceTree = "<group>"; };
		49B5DADE1FD5F86200A3B692 /* JsonInt32Converter.swift */ = {isa = PBXFileReference; lastKnownFileType = sourcecode.swift; path = JsonInt32Converter.swift; sourceTree = "<group>"; };
		49B5DAE01FD5F88700A3B692 /* JsonJavascriptConverter.swift */ = {isa = PBXFileReference; lastKnownFileType = sourcecode.swift; path = JsonJavascriptConverter.swift; sourceTree = "<group>"; };
		49B5DAE21FD5F8BB00A3B692 /* JsonMode.swift */ = {isa = PBXFileReference; lastKnownFileType = sourcecode.swift; path = JsonMode.swift; sourceTree = "<group>"; };
		49B5DAE41FD5F8E400A3B692 /* JsonNullConverter.swift */ = {isa = PBXFileReference; lastKnownFileType = sourcecode.swift; path = JsonNullConverter.swift; sourceTree = "<group>"; };
		49B5DAE61FD5F91400A3B692 /* JsonStringConverter.swift */ = {isa = PBXFileReference; lastKnownFileType = sourcecode.swift; path = JsonStringConverter.swift; sourceTree = "<group>"; };
		49B5DAE81FD5F93400A3B692 /* JsonSymbolConverter.swift */ = {isa = PBXFileReference; lastKnownFileType = sourcecode.swift; path = JsonSymbolConverter.swift; sourceTree = "<group>"; };
		49B5DAEA1FD5FAB400A3B692 /* LegacyExtendedJsonBinaryConverter.swift */ = {isa = PBXFileReference; lastKnownFileType = sourcecode.swift; path = LegacyExtendedJsonBinaryConverter.swift; sourceTree = "<group>"; };
		49B5DAEC1FD5FB9D00A3B692 /* LegacyExtendedJsonDateTimeConverter.swift */ = {isa = PBXFileReference; lastKnownFileType = sourcecode.swift; path = LegacyExtendedJsonDateTimeConverter.swift; sourceTree = "<group>"; };
		49B5DAEE1FD5FBE200A3B692 /* LegacyExtendedJsonRegularExpressionConverter.swift */ = {isa = PBXFileReference; lastKnownFileType = sourcecode.swift; path = LegacyExtendedJsonRegularExpressionConverter.swift; sourceTree = "<group>"; };
		49B5DAF01FD5FC4500A3B692 /* RelaxedExtendedJsonDateTimeConverter.swift */ = {isa = PBXFileReference; lastKnownFileType = sourcecode.swift; path = RelaxedExtendedJsonDateTimeConverter.swift; sourceTree = "<group>"; };
		49B5DAF21FD5FE4F00A3B692 /* Date.swift */ = {isa = PBXFileReference; lastKnownFileType = sourcecode.swift; path = Date.swift; sourceTree = "<group>"; };
		49B5DAF41FD5FEAA00A3B692 /* RelaxedExtendedJsonDoubleConverter.swift */ = {isa = PBXFileReference; lastKnownFileType = sourcecode.swift; path = RelaxedExtendedJsonDoubleConverter.swift; sourceTree = "<group>"; };
		49B5DAF61FD5FF0800A3B692 /* RelaxedExtendedJsonInt64Converter.swift */ = {isa = PBXFileReference; lastKnownFileType = sourcecode.swift; path = RelaxedExtendedJsonInt64Converter.swift; sourceTree = "<group>"; };
		49B5DAF81FD5FF3200A3B692 /* ShellBinaryConverter.swift */ = {isa = PBXFileReference; lastKnownFileType = sourcecode.swift; path = ShellBinaryConverter.swift; sourceTree = "<group>"; };
		49B5DAFA1FD5FF9500A3B692 /* ShellDateTimeConverter.swift */ = {isa = PBXFileReference; lastKnownFileType = sourcecode.swift; path = ShellDateTimeConverter.swift; sourceTree = "<group>"; };
		49B5DAFC1FD6002000A3B692 /* ShellDecimalConverter.swift */ = {isa = PBXFileReference; lastKnownFileType = sourcecode.swift; path = ShellDecimalConverter.swift; sourceTree = "<group>"; };
		49B5DAFE1FD6006D00A3B692 /* ShellInt64Converter.swift */ = {isa = PBXFileReference; lastKnownFileType = sourcecode.swift; path = ShellInt64Converter.swift; sourceTree = "<group>"; };
		49B5DB001FD600C200A3B692 /* ShellMaxKeyConverter.swift */ = {isa = PBXFileReference; lastKnownFileType = sourcecode.swift; path = ShellMaxKeyConverter.swift; sourceTree = "<group>"; };
		49B5DB021FD600ED00A3B692 /* ShellMinKeyConverter.swift */ = {isa = PBXFileReference; lastKnownFileType = sourcecode.swift; path = ShellMinKeyConverter.swift; sourceTree = "<group>"; };
		49B5DB041FD6011500A3B692 /* ShellObjectIdConverter.swift */ = {isa = PBXFileReference; lastKnownFileType = sourcecode.swift; path = ShellObjectIdConverter.swift; sourceTree = "<group>"; };
		49B5DB061FD6014600A3B692 /* ShellRegularExpressionConverter.swift */ = {isa = PBXFileReference; lastKnownFileType = sourcecode.swift; path = ShellRegularExpressionConverter.swift; sourceTree = "<group>"; };
		49B5DB081FD6018700A3B692 /* ShellTimestampConverter.swift */ = {isa = PBXFileReference; lastKnownFileType = sourcecode.swift; path = ShellTimestampConverter.swift; sourceTree = "<group>"; };
		49B5DB0A1FD601E200A3B692 /* ShellUndefinedConverter.swift */ = {isa = PBXFileReference; lastKnownFileType = sourcecode.swift; path = ShellUndefinedConverter.swift; sourceTree = "<group>"; };
		49B5DB0C1FD6023200A3B692 /* JsonWriterSettings.swift */ = {isa = PBXFileReference; lastKnownFileType = sourcecode.swift; path = JsonWriterSettings.swift; sourceTree = "<group>"; };
		49B5DB0E1FD61D3100A3B692 /* JsonWriter.swift */ = {isa = PBXFileReference; lastKnownFileType = sourcecode.swift; path = JsonWriter.swift; sourceTree = "<group>"; };
		49B5DB101FD61E7A00A3B692 /* StrictCharacterStreamJsonWriterSettings.swift */ = {isa = PBXFileReference; lastKnownFileType = sourcecode.swift; path = StrictCharacterStreamJsonWriterSettings.swift; sourceTree = "<group>"; };
		49B5DB121FD61F7300A3B692 /* StrictCharacterStreamJsonWriter.swift */ = {isa = PBXFileReference; lastKnownFileType = sourcecode.swift; path = StrictCharacterStreamJsonWriter.swift; sourceTree = "<group>"; };
		49B5DB141FD63BC800A3B692 /* JsonWriterTest.swift */ = {isa = PBXFileReference; lastKnownFileType = sourcecode.swift; path = JsonWriterTest.swift; sourceTree = "<group>"; };
		49BDB91B1FD3474500238A70 /* UUID+Codable.swift */ = {isa = PBXFileReference; lastKnownFileType = sourcecode.swift; path = "UUID+Codable.swift"; sourceTree = "<group>"; };
		49BDB91D1FD34F4D00238A70 /* Converter.swift */ = {isa = PBXFileReference; lastKnownFileType = sourcecode.swift; path = Converter.swift; sourceTree = "<group>"; };
		49BDB91F1FD34F8A00238A70 /* StrictJsonWriter.swift */ = {isa = PBXFileReference; lastKnownFileType = sourcecode.swift; path = StrictJsonWriter.swift; sourceTree = "<group>"; };
		49BDB9211FD350CB00238A70 /* ExtendedJsonBinaryConverter.swift */ = {isa = PBXFileReference; lastKnownFileType = sourcecode.swift; path = ExtendedJsonBinaryConverter.swift; sourceTree = "<group>"; };
		49BDB9241FD3580600238A70 /* CodableProvider.swift */ = {isa = PBXFileReference; lastKnownFileType = sourcecode.swift; path = CodableProvider.swift; sourceTree = "<group>"; };
		49BDB9261FD35DD800238A70 /* Transformer.swift */ = {isa = PBXFileReference; lastKnownFileType = sourcecode.swift; path = Transformer.swift; sourceTree = "<group>"; };
		49C411FB1FCCC17C0015B7A9 /* MinKey.swift */ = {isa = PBXFileReference; lastKnownFileType = sourcecode.swift; path = MinKey.swift; sourceTree = "<group>"; };
		49C411FD1FCCC1C60015B7A9 /* MaxKey.swift */ = {isa = PBXFileReference; lastKnownFileType = sourcecode.swift; path = MaxKey.swift; sourceTree = "<group>"; };
		49C411FF1FCCC20F0015B7A9 /* BsonUndefined.swift */ = {isa = PBXFileReference; lastKnownFileType = sourcecode.swift; path = BsonUndefined.swift; sourceTree = "<group>"; };
		49C412021FCD00C60015B7A9 /* JsonReaderTest.swift */ = {isa = PBXFileReference; lastKnownFileType = sourcecode.swift; path = JsonReaderTest.swift; sourceTree = "<group>"; };
		49C412041FCD059E0015B7A9 /* JsonScannerTest.swift */ = {isa = PBXFileReference; lastKnownFileType = sourcecode.swift; path = JsonScannerTest.swift; sourceTree = "<group>"; };
		49CCE84B1FCA427900EE846D /* BsonBinary.swift */ = {isa = PBXFileReference; lastKnownFileType = sourcecode.swift; path = BsonBinary.swift; sourceTree = "<group>"; };
		49CCE84D1FCA42FE00EE846D /* BsonBinarySubType.swift */ = {isa = PBXFileReference; lastKnownFileType = sourcecode.swift; path = BsonBinarySubType.swift; sourceTree = "<group>"; };
		49CCE84F1FCA45AE00EE846D /* ObjectId.swift */ = {isa = PBXFileReference; lastKnownFileType = sourcecode.swift; path = ObjectId.swift; sourceTree = "<group>"; };
		49CCE8531FCA474100EE846D /* AtomicInteger.swift */ = {isa = PBXFileReference; lastKnownFileType = sourcecode.swift; path = AtomicInteger.swift; sourceTree = "<group>"; };
		49CCE8551FCA481800EE846D /* SecureRandom.swift */ = {isa = PBXFileReference; lastKnownFileType = sourcecode.swift; path = SecureRandom.swift; sourceTree = "<group>"; };
		49CCE8591FCA513000EE846D /* Bytes.swift */ = {isa = PBXFileReference; lastKnownFileType = sourcecode.swift; path = Bytes.swift; sourceTree = "<group>"; };
		49D0D0A91FD1E71900AA9BCB /* BsonInt32.swift */ = {isa = PBXFileReference; lastKnownFileType = sourcecode.swift; path = BsonInt32.swift; sourceTree = "<group>"; };
		49D0D0AB1FD1E7D400AA9BCB /* BsonNumber.swift */ = {isa = PBXFileReference; lastKnownFileType = sourcecode.swift; path = BsonNumber.swift; sourceTree = "<group>"; };
		49DAF4F61FCF683700325F10 /* CollectibleCodec.swift */ = {isa = PBXFileReference; lastKnownFileType = sourcecode.swift; path = CollectibleCodec.swift; sourceTree = "<group>"; };
		49DAF4FA1FCF690400325F10 /* Document.swift */ = {isa = PBXFileReference; lastKnownFileType = sourcecode.swift; path = Document.swift; sourceTree = "<group>"; };
		49DAF4FC1FCF695700325F10 /* BsonDocumentWrapper.swift */ = {isa = PBXFileReference; lastKnownFileType = sourcecode.swift; path = BsonDocumentWrapper.swift; sourceTree = "<group>"; };
		49DAF5001FCF800A00325F10 /* BsonDocumentWriter.swift */ = {isa = PBXFileReference; lastKnownFileType = sourcecode.swift; path = BsonDocumentWriter.swift; sourceTree = "<group>"; };
		49DAF5021FCF803300325F10 /* AbstractBsonWriter.swift */ = {isa = PBXFileReference; lastKnownFileType = sourcecode.swift; path = AbstractBsonWriter.swift; sourceTree = "<group>"; };
		49DAF5041FCF821900325F10 /* BsonWriterSettings.swift */ = {isa = PBXFileReference; lastKnownFileType = sourcecode.swift; path = BsonWriterSettings.swift; sourceTree = "<group>"; };
		49DAF5061FCF827C00325F10 /* FieldNameValidator.swift */ = {isa = PBXFileReference; lastKnownFileType = sourcecode.swift; path = FieldNameValidator.swift; sourceTree = "<group>"; };
		49DAF5081FCF82E000325F10 /* Stack.swift */ = {isa = PBXFileReference; lastKnownFileType = sourcecode.swift; path = Stack.swift; sourceTree = "<group>"; };
		49DAF50A1FCFB0C900325F10 /* StringUtils.swift */ = {isa = PBXFileReference; lastKnownFileType = sourcecode.swift; path = StringUtils.swift; sourceTree = "<group>"; };
/* End PBXFileReference section */

/* Begin PBXFrameworksBuildPhase section */
		4922189C1FC5FC9D00DAE038 /* Frameworks */ = {
			isa = PBXFrameworksBuildPhase;
			buildActionMask = 2147483647;
			files = (
			);
			runOnlyForDeploymentPostprocessing = 0;
		};
		492218A61FC5FC9D00DAE038 /* Frameworks */ = {
			isa = PBXFrameworksBuildPhase;
			buildActionMask = 2147483647;
			files = (
				492218AA1FC5FC9D00DAE038 /* bson.framework in Frameworks */,
			);
			runOnlyForDeploymentPostprocessing = 0;
		};
/* End PBXFrameworksBuildPhase section */

/* Begin PBXGroup section */
		492218961FC5FC9D00DAE038 = {
			isa = PBXGroup;
			children = (
				492218A21FC5FC9D00DAE038 /* bson */,
				492218AD1FC5FC9D00DAE038 /* bsonTests */,
				492218A11FC5FC9D00DAE038 /* Products */,
			);
			sourceTree = "<group>";
		};
		492218A11FC5FC9D00DAE038 /* Products */ = {
			isa = PBXGroup;
			children = (
				492218A01FC5FC9D00DAE038 /* bson.framework */,
				492218A91FC5FC9D00DAE038 /* bsonTests.xctest */,
			);
			name = Products;
			sourceTree = "<group>";
		};
		492218A21FC5FC9D00DAE038 /* bson */ = {
			isa = PBXGroup;
			children = (
				492218A31FC5FC9D00DAE038 /* bson.h */,
				492218A41FC5FC9D00DAE038 /* Info.plist */,
				494D38F11FCA6EA70040F29E /* AbstractBsonReader.swift */,
				49DAF5021FCF803300325F10 /* AbstractBsonWriter.swift */,
				493FBC641FC5FD3700E540A7 /* Bson.swift */,
				4996D74E1FC604480099179B /* BsonArray.swift */,
				49CCE84B1FCA427900EE846D /* BsonBinary.swift */,
				49CCE84D1FCA42FE00EE846D /* BsonBinarySubType.swift */,
				4904C8391FD1EDB700CCEC1C /* BsonBool.swift */,
				494D38F31FCA6FC10040F29E /* BsonContextType.swift */,
				4904C84B1FD1F6E800CCEC1C /* BsonDateTime.swift */,
				494D38EB1FCA68670040F29E /* BsonDbPointer.swift */,
				4904C83D1FD1F0F900CCEC1C /* BsonDecimal.swift */,
				493FBC621FC5FD0D00E540A7 /* BsonDocument.swift */,
				49DAF4FC1FCF695700325F10 /* BsonDocumentWrapper.swift */,
				49DAF5001FCF800A00325F10 /* BsonDocumentWriter.swift */,
				4904C83B1FD1F0F100CCEC1C /* BsonDouble.swift */,
				494D38F51FCA7D770040F29E /* BSONError.swift */,
				49D0D0A91FD1E71900AA9BCB /* BsonInt32.swift */,
				4904C8371FD1ED4600CCEC1C /* BsonInt64.swift */,
				4904C8431FD1F4FD00CCEC1C /* BsonJavascript.swift */,
				4904C8411FD1F28B00CCEC1C /* BsonJavascriptWithScope.swift */,
				4904C8511FD20A7400CCEC1C /* BsonMaxKey.swift */,
				4904C84F1FD20A3B00CCEC1C /* BsonMinKey.swift */,
				4904C8531FD20AA800CCEC1C /* BsonNull.swift */,
				49D0D0AB1FD1E7D400AA9BCB /* BsonNumber.swift */,
				4904C8491FD1F63300CCEC1C /* BsonObjectId.swift */,
				493FBC721FC5FED200E540A7 /* BsonReader.swift */,
				494D38EF1FCA6D400040F29E /* BsonReaderMark.swift */,
				494D38E91FCA66160040F29E /* BsonRegularExpression.swift */,
				4904C8451FD1F53600CCEC1C /* BsonString.swift */,
				4904C8471FD1F5C000CCEC1C /* BsonSymbol.swift */,
				494D38ED1FCA6B060040F29E /* BsonTimestamp.swift */,
				4996D74C1FC602C40099179B /* BsonType.swift */,
				49C411FF1FCCC20F0015B7A9 /* BsonUndefined.swift */,
				493FBC601FC5FD0800E540A7 /* BsonValue.swift */,
				493FBC6C1FC5FE2E00E540A7 /* BsonWriter.swift */,
				49DAF5041FCF821900325F10 /* BsonWriterSettings.swift */,
				49DAF4FA1FCF690400325F10 /* Document.swift */,
				49B5DABC1FD5130400A3B692 /* ByteBuf.swift */,
				49B5DAC21FD5F11300A3B692 /* ByteBufImpl.swift */,
				49DAF5061FCF827C00325F10 /* FieldNameValidator.swift */,
				4904C8551FD20C9B00CCEC1C /* NoOpFieldNameValidator.swift */,
				493BAB221FCA37DF00A3AC2E /* RuntimeError.swift */,
				49BDB9261FD35DD800238A70 /* Transformer.swift */,
				49B5DAA51FD4648D00A3B692 /* UuidRepresentation.swift */,
				49B5DAB71FD5109D00A3B692 /* io */,
				49CCE8521FCA473500EE846D /* atomics */,
				493FBC681FC5FD7600E540A7 /* codecs */,
				49C412011FCCC28C0015B7A9 /* internal */,
				494D38F91FCB2FF50040F29E /* json */,
				49CCE8511FCA45FB00EE846D /* types */,
			);
			path = bson;
			sourceTree = "<group>";
		};
		492218AD1FC5FC9D00DAE038 /* bsonTests */ = {
			isa = PBXGroup;
			children = (
				492218AE1FC5FC9D00DAE038 /* bsonTests.swift */,
				49C412021FCD00C60015B7A9 /* JsonReaderTest.swift */,
				49B5DB141FD63BC800A3B692 /* JsonWriterTest.swift */,
				49C412041FCD059E0015B7A9 /* JsonScannerTest.swift */,
				492218B01FC5FC9D00DAE038 /* Info.plist */,
			);
			path = bsonTests;
			sourceTree = "<group>";
		};
		493FBC681FC5FD7600E540A7 /* codecs */ = {
			isa = PBXGroup;
			children = (
				490A6DE11FD3606E00D2391F /* Array+Codable.swift */,
				49B5DAAD1FD4A41900A3B692 /* Bool+Codable.swift */,
				493FBC701FC5FE7C00E540A7 /* BsonCodable.swift */,
				493FBC6E1FC5FE5900E540A7 /* BsonDecodable.swift */,
				493FBC6A1FC5FDFC00E540A7 /* BsonEncodable.swift */,
				493BAB201FCA1AE400A3AC2E /* BsonValueCodableProvider.swift */,
				49B5DAA71FD49FE000A3B692 /* Byte+Codable.swift */,
				49DAF4F61FCF683700325F10 /* CollectibleCodec.swift */,
				4996D7481FC5FFB60099179B /* DecoderContext.swift */,
				4996D74A1FC5FFC50099179B /* EncoderContext.swift */,
				49B5DAA91FD4A0AA00A3B692 /* NumberCodableHelper.swift */,
				49BDB91B1FD3474500238A70 /* UUID+Codable.swift */,
				49B5DAAB1FD4A35F00A3B692 /* ValueCodableProvider.swift */,
				49BDB9231FD357FB00238A70 /* configuration */,
			);
			path = codecs;
			sourceTree = "<group>";
		};
		494D38F91FCB2FF50040F29E /* json */ = {
			isa = PBXGroup;
			children = (
				49BDB91D1FD34F4D00238A70 /* Converter.swift */,
				49BDB9211FD350CB00238A70 /* ExtendedJsonBinaryConverter.swift */,
				49B5DAC41FD5F3C700A3B692 /* ExtendedJsonDateTimeConverter.swift */,
				49B5DAC61FD5F45300A3B692 /* ExtendedJsonDecimalConverter.swift */,
				49B5DAC81FD5F52100A3B692 /* ExtendedJsonDoubleConverter.swift */,
				49B5DACA1FD5F56800A3B692 /* ExtendedJsonInt32Converter.swift */,
				49B5DACC1FD5F5D900A3B692 /* ExtendedJsonInt64Converter.swift */,
				49B5DACE1FD5F61D00A3B692 /* ExtendedJsonMaxKeyConverter.swift */,
				49B5DAD01FD5F65C00A3B692 /* ExtendedJsonMinKeyConverter.swift */,
				49B5DAD21FD5F6A300A3B692 /* ExtendedJsonObjectIdConverter.swift */,
				49B5DAD41FD5F6CC00A3B692 /* ExtendedJsonRegularExpressionConverter.swift */,
				49B5DAD61FD5F72B00A3B692 /* ExtendedJsonTimestampConverter.swift */,
				49B5DAD81FD5F7B700A3B692 /* ExtendedJsonUndefinedConverter.swift */,
				494D38FE1FCB30E90040F29E /* JsonBuffer.swift */,
				49B5DADA1FD5F7D800A3B692 /* JsonBoolConverter.swift */,
				49B5DADC1FD5F80700A3B692 /* JsonDoubleConverter.swift */,
				49B5DADE1FD5F86200A3B692 /* JsonInt32Converter.swift */,
				49B5DAE01FD5F88700A3B692 /* JsonJavascriptConverter.swift */,
				49B5DAE21FD5F8BB00A3B692 /* JsonMode.swift */,
				49B5DAE41FD5F8E400A3B692 /* JsonNullConverter.swift */,
				494D39001FCB31620040F29E /* JSONError.swift */,
				494D38F71FCB2FEF0040F29E /* JsonReader.swift */,
				494D38FA1FCB30A20040F29E /* JsonScanner.swift */,
				49B5DAE61FD5F91400A3B692 /* JsonStringConverter.swift */,
				49B5DAE81FD5F93400A3B692 /* JsonSymbolConverter.swift */,
				494D39041FCB386E0040F29E /* JsonToken.swift */,
				494D39061FCB388B0040F29E /* JsonTokenType.swift */,
				49B5DB0E1FD61D3100A3B692 /* JsonWriter.swift */,
				49B5DB0C1FD6023200A3B692 /* JsonWriterSettings.swift */,
				49B5DAEA1FD5FAB400A3B692 /* LegacyExtendedJsonBinaryConverter.swift */,
				49B5DAEC1FD5FB9D00A3B692 /* LegacyExtendedJsonDateTimeConverter.swift */,
				49B5DAEE1FD5FBE200A3B692 /* LegacyExtendedJsonRegularExpressionConverter.swift */,
				49B5DAF01FD5FC4500A3B692 /* RelaxedExtendedJsonDateTimeConverter.swift */,
				49B5DAF41FD5FEAA00A3B692 /* RelaxedExtendedJsonDoubleConverter.swift */,
				49B5DAF61FD5FF0800A3B692 /* RelaxedExtendedJsonInt64Converter.swift */,
				49B5DAF81FD5FF3200A3B692 /* ShellBinaryConverter.swift */,
				49B5DAFA1FD5FF9500A3B692 /* ShellDateTimeConverter.swift */,
				49B5DAFC1FD6002000A3B692 /* ShellDecimalConverter.swift */,
				49B5DAFE1FD6006D00A3B692 /* ShellInt64Converter.swift */,
				49B5DB001FD600C200A3B692 /* ShellMaxKeyConverter.swift */,
				49B5DB021FD600ED00A3B692 /* ShellMinKeyConverter.swift */,
				49B5DB041FD6011500A3B692 /* ShellObjectIdConverter.swift */,
				49B5DB061FD6014600A3B692 /* ShellRegularExpressionConverter.swift */,
				49B5DB081FD6018700A3B692 /* ShellTimestampConverter.swift */,
				49B5DB0A1FD601E200A3B692 /* ShellUndefinedConverter.swift */,
				49BDB91F1FD34F8A00238A70 /* StrictJsonWriter.swift */,
				49B5DB121FD61F7300A3B692 /* StrictCharacterStreamJsonWriter.swift */,
				49B5DB101FD61E7A00A3B692 /* StrictCharacterStreamJsonWriterSettings.swift */,
			);
			path = json;
			sourceTree = "<group>";
		};
		49B5DAB71FD5109D00A3B692 /* io */ = {
			isa = PBXGroup;
			children = (
				49B5DAB81FD510E800A3B692 /* BsonOutput.swift */,
				49B5DABA1FD511C600A3B692 /* OutputBuffer.swift */,
				49B5DAC01FD5E94600A3B692 /* BasicOutputBuffer.swift */,
			);
			path = io;
			sourceTree = "<group>";
		};
		49BDB9231FD357FB00238A70 /* configuration */ = {
			isa = PBXGroup;
			children = (
				49BDB9241FD3580600238A70 /* CodableProvider.swift */,
				490A6DE31FD3739300D2391F /* CodableRegistry.swift */,
			);
			path = configuration;
			sourceTree = "<group>";
		};
		49C412011FCCC28C0015B7A9 /* internal */ = {
			isa = PBXGroup;
			children = (
				49CCE8591FCA513000EE846D /* Bytes.swift */,
				4904C83F1FD1F1EB00CCEC1C /* Decimal.swift */,
				49B5DAF21FD5FE4F00A3B692 /* Date.swift */,
				49CCE8551FCA481800EE846D /* SecureRandom.swift */,
				49DAF5081FCF82E000325F10 /* Stack.swift */,
				49DAF50A1FCFB0C900325F10 /* StringUtils.swift */,
				494D39021FCB33CF0040F29E /* Unicode.swift */,
			);
			path = internal;
			sourceTree = "<group>";
		};
		49CCE8511FCA45FB00EE846D /* types */ = {
			isa = PBXGroup;
			children = (
				49B5DAAF1FD4D1E000A3B692 /* Binary.swift */,
				49B5DAB11FD4FCF000A3B692 /* Code.swift */,
				49B5DAB31FD4FD7200A3B692 /* CodeWithScope.swift */,
				49C411FD1FCCC1C60015B7A9 /* MaxKey.swift */,
				49C411FB1FCCC17C0015B7A9 /* MinKey.swift */,
				49CCE84F1FCA45AE00EE846D /* ObjectId.swift */,
				49B5DAB51FD4FE3200A3B692 /* Symbol.swift */,
			);
			path = types;
			sourceTree = "<group>";
		};
		49CCE8521FCA473500EE846D /* atomics */ = {
			isa = PBXGroup;
			children = (
				49CCE8531FCA474100EE846D /* AtomicInteger.swift */,
			);
			path = atomics;
			sourceTree = "<group>";
		};
/* End PBXGroup section */

/* Begin PBXHeadersBuildPhase section */
		4922189D1FC5FC9D00DAE038 /* Headers */ = {
			isa = PBXHeadersBuildPhase;
			buildActionMask = 2147483647;
			files = (
				492218B11FC5FC9D00DAE038 /* bson.h in Headers */,
			);
			runOnlyForDeploymentPostprocessing = 0;
		};
/* End PBXHeadersBuildPhase section */

/* Begin PBXNativeTarget section */
		4922189F1FC5FC9D00DAE038 /* bson */ = {
			isa = PBXNativeTarget;
			buildConfigurationList = 492218B41FC5FC9D00DAE038 /* Build configuration list for PBXNativeTarget "bson" */;
			buildPhases = (
				4922189B1FC5FC9D00DAE038 /* Sources */,
				4922189C1FC5FC9D00DAE038 /* Frameworks */,
				4922189D1FC5FC9D00DAE038 /* Headers */,
				4922189E1FC5FC9D00DAE038 /* Resources */,
			);
			buildRules = (
			);
			dependencies = (
			);
			name = bson;
			productName = bson;
			productReference = 492218A01FC5FC9D00DAE038 /* bson.framework */;
			productType = "com.apple.product-type.framework";
		};
		492218A81FC5FC9D00DAE038 /* bsonTests */ = {
			isa = PBXNativeTarget;
			buildConfigurationList = 492218B71FC5FC9D00DAE038 /* Build configuration list for PBXNativeTarget "bsonTests" */;
			buildPhases = (
				492218A51FC5FC9D00DAE038 /* Sources */,
				492218A61FC5FC9D00DAE038 /* Frameworks */,
				492218A71FC5FC9D00DAE038 /* Resources */,
			);
			buildRules = (
			);
			dependencies = (
				492218AC1FC5FC9D00DAE038 /* PBXTargetDependency */,
			);
			name = bsonTests;
			productName = bsonTests;
			productReference = 492218A91FC5FC9D00DAE038 /* bsonTests.xctest */;
			productType = "com.apple.product-type.bundle.unit-test";
		};
/* End PBXNativeTarget section */

/* Begin PBXProject section */
		492218971FC5FC9D00DAE038 /* Project object */ = {
			isa = PBXProject;
			attributes = {
				LastSwiftUpdateCheck = 0910;
				LastUpgradeCheck = 0910;
				ORGANIZATIONNAME = mongodb;
				TargetAttributes = {
					4922189F1FC5FC9D00DAE038 = {
						CreatedOnToolsVersion = 9.1;
						LastSwiftMigration = 0910;
						ProvisioningStyle = Automatic;
					};
					492218A81FC5FC9D00DAE038 = {
						CreatedOnToolsVersion = 9.1;
						ProvisioningStyle = Automatic;
					};
				};
			};
			buildConfigurationList = 4922189A1FC5FC9D00DAE038 /* Build configuration list for PBXProject "bson" */;
			compatibilityVersion = "Xcode 8.0";
			developmentRegion = en;
			hasScannedForEncodings = 0;
			knownRegions = (
				en,
			);
			mainGroup = 492218961FC5FC9D00DAE038;
			productRefGroup = 492218A11FC5FC9D00DAE038 /* Products */;
			projectDirPath = "";
			projectRoot = "";
			targets = (
				4922189F1FC5FC9D00DAE038 /* bson */,
				492218A81FC5FC9D00DAE038 /* bsonTests */,
			);
		};
/* End PBXProject section */

/* Begin PBXResourcesBuildPhase section */
		4922189E1FC5FC9D00DAE038 /* Resources */ = {
			isa = PBXResourcesBuildPhase;
			buildActionMask = 2147483647;
			files = (
			);
			runOnlyForDeploymentPostprocessing = 0;
		};
		492218A71FC5FC9D00DAE038 /* Resources */ = {
			isa = PBXResourcesBuildPhase;
			buildActionMask = 2147483647;
			files = (
			);
			runOnlyForDeploymentPostprocessing = 0;
		};
/* End PBXResourcesBuildPhase section */

/* Begin PBXSourcesBuildPhase section */
		4922189B1FC5FC9D00DAE038 /* Sources */ = {
			isa = PBXSourcesBuildPhase;
			buildActionMask = 2147483647;
			files = (
				494D39071FCB388B0040F29E /* JsonTokenType.swift in Sources */,
				49D0D0AC1FD1E7D400AA9BCB /* BsonNumber.swift in Sources */,
				49DAF4FD1FCF695700325F10 /* BsonDocumentWrapper.swift in Sources */,
				49B5DB051FD6011500A3B692 /* ShellObjectIdConverter.swift in Sources */,
				49B5DAB91FD510E800A3B692 /* BsonOutput.swift in Sources */,
				493FBC651FC5FD3700E540A7 /* Bson.swift in Sources */,
				49BDB9271FD35DD800238A70 /* Transformer.swift in Sources */,
				4904C8521FD20A7400CCEC1C /* BsonMaxKey.swift in Sources */,
				49B5DAD71FD5F72B00A3B692 /* ExtendedJsonTimestampConverter.swift in Sources */,
				49B5DAE31FD5F8BB00A3B692 /* JsonMode.swift in Sources */,
				49BDB9201FD34F8A00238A70 /* StrictJsonWriter.swift in Sources */,
				4904C8541FD20AA800CCEC1C /* BsonNull.swift in Sources */,
				49DAF4F71FCF683700325F10 /* CollectibleCodec.swift in Sources */,
				4904C8501FD20A3B00CCEC1C /* BsonMinKey.swift in Sources */,
				49B5DAAE1FD4A41900A3B692 /* Bool+Codable.swift in Sources */,
				494D38FB1FCB30A20040F29E /* JsonScanner.swift in Sources */,
				49C412001FCCC20F0015B7A9 /* BsonUndefined.swift in Sources */,
				49B5DADD1FD5F80700A3B692 /* JsonDoubleConverter.swift in Sources */,
				494D38F21FCA6EA70040F29E /* AbstractBsonReader.swift in Sources */,
				4996D74D1FC602C40099179B /* BsonType.swift in Sources */,
				49B5DAB01FD4D1E000A3B692 /* Binary.swift in Sources */,
				490A6DE21FD3606E00D2391F /* Array+Codable.swift in Sources */,
				49B5DB071FD6014600A3B692 /* ShellRegularExpressionConverter.swift in Sources */,
				49B5DAF31FD5FE4F00A3B692 /* Date.swift in Sources */,
				4996D7491FC5FFB60099179B /* DecoderContext.swift in Sources */,
				49B5DAD91FD5F7B700A3B692 /* ExtendedJsonUndefinedConverter.swift in Sources */,
				49B5DAF51FD5FEAA00A3B692 /* RelaxedExtendedJsonDoubleConverter.swift in Sources */,
				4904C83A1FD1EDB700CCEC1C /* BsonBool.swift in Sources */,
				49B5DABD1FD5130400A3B692 /* ByteBuf.swift in Sources */,
				494D38F41FCA6FC10040F29E /* BsonContextType.swift in Sources */,
				49B5DAE11FD5F88700A3B692 /* JsonJavascriptConverter.swift in Sources */,
				49CCE85A1FCA513000EE846D /* Bytes.swift in Sources */,
				49B5DAEF1FD5FBE200A3B692 /* LegacyExtendedJsonRegularExpressionConverter.swift in Sources */,
				4904C8561FD20C9B00CCEC1C /* NoOpFieldNameValidator.swift in Sources */,
				49B5DAB21FD4FCF000A3B692 /* Code.swift in Sources */,
				49DAF5091FCF82E000325F10 /* Stack.swift in Sources */,
				49B5DAC51FD5F3C700A3B692 /* ExtendedJsonDateTimeConverter.swift in Sources */,
				49C411FC1FCCC17C0015B7A9 /* MinKey.swift in Sources */,
				49B5DAD51FD5F6CC00A3B692 /* ExtendedJsonRegularExpressionConverter.swift in Sources */,
				49B5DAFD1FD6002000A3B692 /* ShellDecimalConverter.swift in Sources */,
				49B5DAC31FD5F11300A3B692 /* ByteBufImpl.swift in Sources */,
				49B5DAA81FD49FE000A3B692 /* Byte+Codable.swift in Sources */,
				49B5DAE71FD5F91400A3B692 /* JsonStringConverter.swift in Sources */,
				49B5DAC71FD5F45300A3B692 /* ExtendedJsonDecimalConverter.swift in Sources */,
				493FBC731FC5FED200E540A7 /* BsonReader.swift in Sources */,
				4904C8481FD1F5C000CCEC1C /* BsonSymbol.swift in Sources */,
				4904C8441FD1F4FD00CCEC1C /* BsonJavascript.swift in Sources */,
				49DAF50B1FCFB0C900325F10 /* StringUtils.swift in Sources */,
				490A6DE41FD3739300D2391F /* CodableRegistry.swift in Sources */,
				493BAB231FCA37DF00A3AC2E /* RuntimeError.swift in Sources */,
				49DAF4FB1FCF690400325F10 /* Document.swift in Sources */,
				49CCE84E1FCA42FE00EE846D /* BsonBinarySubType.swift in Sources */,
				49CCE84C1FCA427900EE846D /* BsonBinary.swift in Sources */,
				49B5DABB1FD511C600A3B692 /* OutputBuffer.swift in Sources */,
				4904C8401FD1F1EB00CCEC1C /* Decimal.swift in Sources */,
				49B5DB0D1FD6023200A3B692 /* JsonWriterSettings.swift in Sources */,
				4996D74B1FC5FFC50099179B /* EncoderContext.swift in Sources */,
				494D38EA1FCA66160040F29E /* BsonRegularExpression.swift in Sources */,
				49B5DAAA1FD4A0AA00A3B692 /* NumberCodableHelper.swift in Sources */,
				49B5DB011FD600C200A3B692 /* ShellMaxKeyConverter.swift in Sources */,
				49B5DAEB1FD5FAB400A3B692 /* LegacyExtendedJsonBinaryConverter.swift in Sources */,
				49BDB9251FD3580600238A70 /* CodableProvider.swift in Sources */,
				49B5DAC91FD5F52100A3B692 /* ExtendedJsonDoubleConverter.swift in Sources */,
				494D38EC1FCA68670040F29E /* BsonDbPointer.swift in Sources */,
				4904C83E1FD1F0F900CCEC1C /* BsonDecimal.swift in Sources */,
				493FBC6D1FC5FE2E00E540A7 /* BsonWriter.swift in Sources */,
				4904C83C1FD1F0F100CCEC1C /* BsonDouble.swift in Sources */,
				49B5DAC11FD5E94600A3B692 /* BasicOutputBuffer.swift in Sources */,
				49D0D0AA1FD1E71900AA9BCB /* BsonInt32.swift in Sources */,
				49B5DB091FD6018700A3B692 /* ShellTimestampConverter.swift in Sources */,
				4904C84C1FD1F6E800CCEC1C /* BsonDateTime.swift in Sources */,
				49B5DAFB1FD5FF9500A3B692 /* ShellDateTimeConverter.swift in Sources */,
				49B5DB131FD61F7300A3B692 /* StrictCharacterStreamJsonWriter.swift in Sources */,
				49B5DB031FD600ED00A3B692 /* ShellMinKeyConverter.swift in Sources */,
				4904C8381FD1ED4600CCEC1C /* BsonInt64.swift in Sources */,
				49B5DB111FD61E7A00A3B692 /* StrictCharacterStreamJsonWriterSettings.swift in Sources */,
				49BDB9221FD350CB00238A70 /* ExtendedJsonBinaryConverter.swift in Sources */,
				4904C8461FD1F53600CCEC1C /* BsonString.swift in Sources */,
				49B5DAFF1FD6006D00A3B692 /* ShellInt64Converter.swift in Sources */,
				49B5DADB1FD5F7D800A3B692 /* JsonBoolConverter.swift in Sources */,
				49B5DAB41FD4FD7200A3B692 /* CodeWithScope.swift in Sources */,
				49B5DB0B1FD601E200A3B692 /* ShellUndefinedConverter.swift in Sources */,
				4996D74F1FC604490099179B /* BsonArray.swift in Sources */,
				49B5DAAC1FD4A35F00A3B692 /* ValueCodableProvider.swift in Sources */,
				49B5DAD11FD5F65C00A3B692 /* ExtendedJsonMinKeyConverter.swift in Sources */,
				494D38EE1FCA6B060040F29E /* BsonTimestamp.swift in Sources */,
				49B5DB0F1FD61D3100A3B692 /* JsonWriter.swift in Sources */,
				49B5DAF91FD5FF3200A3B692 /* ShellBinaryConverter.swift in Sources */,
				494D38F81FCB2FEF0040F29E /* JsonReader.swift in Sources */,
				49DAF5071FCF827C00325F10 /* FieldNameValidator.swift in Sources */,
				494D38FF1FCB30E90040F29E /* JsonBuffer.swift in Sources */,
				494D38F61FCA7D770040F29E /* BSONError.swift in Sources */,
				49DAF5031FCF803300325F10 /* AbstractBsonWriter.swift in Sources */,
				49CCE8561FCA481800EE846D /* SecureRandom.swift in Sources */,
				49B5DAE91FD5F93400A3B692 /* JsonSymbolConverter.swift in Sources */,
				49B5DAF71FD5FF0800A3B692 /* RelaxedExtendedJsonInt64Converter.swift in Sources */,
				49C411FE1FCCC1C60015B7A9 /* MaxKey.swift in Sources */,
				49B5DAD31FD5F6A300A3B692 /* ExtendedJsonObjectIdConverter.swift in Sources */,
				49DAF5051FCF821900325F10 /* BsonWriterSettings.swift in Sources */,
				49B5DAB61FD4FE3200A3B692 /* Symbol.swift in Sources */,
				49B5DADF1FD5F86200A3B692 /* JsonInt32Converter.swift in Sources */,
				493FBC6B1FC5FDFC00E540A7 /* BsonEncodable.swift in Sources */,
				49DAF5011FCF800A00325F10 /* BsonDocumentWriter.swift in Sources */,
				49B5DAF11FD5FC4500A3B692 /* RelaxedExtendedJsonDateTimeConverter.swift in Sources */,
				494D39011FCB31620040F29E /* JSONError.swift in Sources */,
				494D39031FCB33CF0040F29E /* Unicode.swift in Sources */,
				493FBC711FC5FE7C00E540A7 /* BsonCodable.swift in Sources */,
				4904C8421FD1F28B00CCEC1C /* BsonJavascriptWithScope.swift in Sources */,
				49B5DACF1FD5F61D00A3B692 /* ExtendedJsonMaxKeyConverter.swift in Sources */,
				49B5DACD1FD5F5D900A3B692 /* ExtendedJsonInt64Converter.swift in Sources */,
				49BDB91E1FD34F4D00238A70 /* Converter.swift in Sources */,
				49B5DAE51FD5F8E400A3B692 /* JsonNullConverter.swift in Sources */,
				493FBC6F1FC5FE5900E540A7 /* BsonDecodable.swift in Sources */,
				49CCE8541FCA474100EE846D /* AtomicInteger.swift in Sources */,
				49B5DAED1FD5FB9D00A3B692 /* LegacyExtendedJsonDateTimeConverter.swift in Sources */,
				493BAB211FCA1AE400A3AC2E /* BsonValueCodableProvider.swift in Sources */,
				493FBC631FC5FD0D00E540A7 /* BsonDocument.swift in Sources */,
				4904C84A1FD1F63300CCEC1C /* BsonObjectId.swift in Sources */,
				494D38F01FCA6D400040F29E /* BsonReaderMark.swift in Sources */,
				49B5DAA61FD4648D00A3B692 /* UuidRepresentation.swift in Sources */,
				493FBC611FC5FD0800E540A7 /* BsonValue.swift in Sources */,
				49B5DACB1FD5F56800A3B692 /* ExtendedJsonInt32Converter.swift in Sources */,
				49CCE8501FCA45AE00EE846D /* ObjectId.swift in Sources */,
				494D39051FCB386E0040F29E /* JsonToken.swift in Sources */,
				49BDB91C1FD3474500238A70 /* UUID+Codable.swift in Sources */,
			);
			runOnlyForDeploymentPostprocessing = 0;
		};
		492218A51FC5FC9D00DAE038 /* Sources */ = {
			isa = PBXSourcesBuildPhase;
			buildActionMask = 2147483647;
			files = (
				49C412051FCD059E0015B7A9 /* JsonScannerTest.swift in Sources */,
				49C412031FCD00C70015B7A9 /* JsonReaderTest.swift in Sources */,
				49B5DB151FD63BC800A3B692 /* JsonWriterTest.swift in Sources */,
				492218AF1FC5FC9D00DAE038 /* bsonTests.swift in Sources */,
			);
			runOnlyForDeploymentPostprocessing = 0;
		};
/* End PBXSourcesBuildPhase section */

/* Begin PBXTargetDependency section */
		492218AC1FC5FC9D00DAE038 /* PBXTargetDependency */ = {
			isa = PBXTargetDependency;
			target = 4922189F1FC5FC9D00DAE038 /* bson */;
			targetProxy = 492218AB1FC5FC9D00DAE038 /* PBXContainerItemProxy */;
		};
/* End PBXTargetDependency section */

/* Begin XCBuildConfiguration section */
		492218B21FC5FC9D00DAE038 /* Debug */ = {
			isa = XCBuildConfiguration;
			buildSettings = {
				ALWAYS_SEARCH_USER_PATHS = NO;
				CLANG_ANALYZER_NONNULL = YES;
				CLANG_ANALYZER_NUMBER_OBJECT_CONVERSION = YES_AGGRESSIVE;
				CLANG_CXX_LANGUAGE_STANDARD = "gnu++14";
				CLANG_CXX_LIBRARY = "libc++";
				CLANG_ENABLE_MODULES = YES;
				CLANG_ENABLE_OBJC_ARC = YES;
				CLANG_WARN_BLOCK_CAPTURE_AUTORELEASING = YES;
				CLANG_WARN_BOOL_CONVERSION = YES;
				CLANG_WARN_COMMA = YES;
				CLANG_WARN_CONSTANT_CONVERSION = YES;
				CLANG_WARN_DIRECT_OBJC_ISA_USAGE = YES_ERROR;
				CLANG_WARN_DOCUMENTATION_COMMENTS = YES;
				CLANG_WARN_EMPTY_BODY = YES;
				CLANG_WARN_ENUM_CONVERSION = YES;
				CLANG_WARN_INFINITE_RECURSION = YES;
				CLANG_WARN_INT_CONVERSION = YES;
				CLANG_WARN_NON_LITERAL_NULL_CONVERSION = YES;
				CLANG_WARN_OBJC_LITERAL_CONVERSION = YES;
				CLANG_WARN_OBJC_ROOT_CLASS = YES_ERROR;
				CLANG_WARN_RANGE_LOOP_ANALYSIS = YES;
				CLANG_WARN_STRICT_PROTOTYPES = YES;
				CLANG_WARN_SUSPICIOUS_MOVE = YES;
				CLANG_WARN_UNGUARDED_AVAILABILITY = YES_AGGRESSIVE;
				CLANG_WARN_UNREACHABLE_CODE = YES;
				CLANG_WARN__DUPLICATE_METHOD_MATCH = YES;
				CODE_SIGN_IDENTITY = "iPhone Developer";
				COPY_PHASE_STRIP = NO;
				CURRENT_PROJECT_VERSION = 1;
				DEBUG_INFORMATION_FORMAT = dwarf;
				ENABLE_STRICT_OBJC_MSGSEND = YES;
				ENABLE_TESTABILITY = YES;
				GCC_C_LANGUAGE_STANDARD = gnu11;
				GCC_DYNAMIC_NO_PIC = NO;
				GCC_NO_COMMON_BLOCKS = YES;
				GCC_OPTIMIZATION_LEVEL = 0;
				GCC_PREPROCESSOR_DEFINITIONS = (
					"DEBUG=1",
					"$(inherited)",
				);
				GCC_WARN_64_TO_32_BIT_CONVERSION = YES;
				GCC_WARN_ABOUT_RETURN_TYPE = YES_ERROR;
				GCC_WARN_UNDECLARED_SELECTOR = YES;
				GCC_WARN_UNINITIALIZED_AUTOS = YES_AGGRESSIVE;
				GCC_WARN_UNUSED_FUNCTION = YES;
				GCC_WARN_UNUSED_VARIABLE = YES;
				IPHONEOS_DEPLOYMENT_TARGET = 11.1;
				MTL_ENABLE_DEBUG_INFO = YES;
				ONLY_ACTIVE_ARCH = YES;
				SDKROOT = iphoneos;
				SWIFT_ACTIVE_COMPILATION_CONDITIONS = DEBUG;
				SWIFT_OPTIMIZATION_LEVEL = "-Onone";
				VERSIONING_SYSTEM = "apple-generic";
				VERSION_INFO_PREFIX = "";
			};
			name = Debug;
		};
		492218B31FC5FC9D00DAE038 /* Release */ = {
			isa = XCBuildConfiguration;
			buildSettings = {
				ALWAYS_SEARCH_USER_PATHS = NO;
				CLANG_ANALYZER_NONNULL = YES;
				CLANG_ANALYZER_NUMBER_OBJECT_CONVERSION = YES_AGGRESSIVE;
				CLANG_CXX_LANGUAGE_STANDARD = "gnu++14";
				CLANG_CXX_LIBRARY = "libc++";
				CLANG_ENABLE_MODULES = YES;
				CLANG_ENABLE_OBJC_ARC = YES;
				CLANG_WARN_BLOCK_CAPTURE_AUTORELEASING = YES;
				CLANG_WARN_BOOL_CONVERSION = YES;
				CLANG_WARN_COMMA = YES;
				CLANG_WARN_CONSTANT_CONVERSION = YES;
				CLANG_WARN_DIRECT_OBJC_ISA_USAGE = YES_ERROR;
				CLANG_WARN_DOCUMENTATION_COMMENTS = YES;
				CLANG_WARN_EMPTY_BODY = YES;
				CLANG_WARN_ENUM_CONVERSION = YES;
				CLANG_WARN_INFINITE_RECURSION = YES;
				CLANG_WARN_INT_CONVERSION = YES;
				CLANG_WARN_NON_LITERAL_NULL_CONVERSION = YES;
				CLANG_WARN_OBJC_LITERAL_CONVERSION = YES;
				CLANG_WARN_OBJC_ROOT_CLASS = YES_ERROR;
				CLANG_WARN_RANGE_LOOP_ANALYSIS = YES;
				CLANG_WARN_STRICT_PROTOTYPES = YES;
				CLANG_WARN_SUSPICIOUS_MOVE = YES;
				CLANG_WARN_UNGUARDED_AVAILABILITY = YES_AGGRESSIVE;
				CLANG_WARN_UNREACHABLE_CODE = YES;
				CLANG_WARN__DUPLICATE_METHOD_MATCH = YES;
				CODE_SIGN_IDENTITY = "iPhone Developer";
				COPY_PHASE_STRIP = NO;
				CURRENT_PROJECT_VERSION = 1;
				DEBUG_INFORMATION_FORMAT = "dwarf-with-dsym";
				ENABLE_NS_ASSERTIONS = NO;
				ENABLE_STRICT_OBJC_MSGSEND = YES;
				GCC_C_LANGUAGE_STANDARD = gnu11;
				GCC_NO_COMMON_BLOCKS = YES;
				GCC_WARN_64_TO_32_BIT_CONVERSION = YES;
				GCC_WARN_ABOUT_RETURN_TYPE = YES_ERROR;
				GCC_WARN_UNDECLARED_SELECTOR = YES;
				GCC_WARN_UNINITIALIZED_AUTOS = YES_AGGRESSIVE;
				GCC_WARN_UNUSED_FUNCTION = YES;
				GCC_WARN_UNUSED_VARIABLE = YES;
				IPHONEOS_DEPLOYMENT_TARGET = 11.1;
				MTL_ENABLE_DEBUG_INFO = NO;
				SDKROOT = iphoneos;
				SWIFT_OPTIMIZATION_LEVEL = "-Owholemodule";
				VALIDATE_PRODUCT = YES;
				VERSIONING_SYSTEM = "apple-generic";
				VERSION_INFO_PREFIX = "";
			};
			name = Release;
		};
		492218B51FC5FC9D00DAE038 /* Debug */ = {
			isa = XCBuildConfiguration;
			buildSettings = {
				CLANG_ENABLE_MODULES = YES;
				CODE_SIGN_IDENTITY = "";
				CODE_SIGN_STYLE = Automatic;
				DEFINES_MODULE = YES;
				DEVELOPMENT_TEAM = 2Z8M9MTEVV;
				DYLIB_COMPATIBILITY_VERSION = 1;
				DYLIB_CURRENT_VERSION = 1;
				DYLIB_INSTALL_NAME_BASE = "@rpath";
				INFOPLIST_FILE = bson/Info.plist;
				INSTALL_PATH = "$(LOCAL_LIBRARY_DIR)/Frameworks";
				LD_RUNPATH_SEARCH_PATHS = "$(inherited) @executable_path/Frameworks @loader_path/Frameworks";
				PRODUCT_BUNDLE_IDENTIFIER = mongo.bson;
				PRODUCT_NAME = "$(TARGET_NAME:c99extidentifier)";
				SKIP_INSTALL = YES;
				SWIFT_OPTIMIZATION_LEVEL = "-Onone";
				SWIFT_VERSION = 4.0;
				TARGETED_DEVICE_FAMILY = "1,2";
			};
			name = Debug;
		};
		492218B61FC5FC9D00DAE038 /* Release */ = {
			isa = XCBuildConfiguration;
			buildSettings = {
				CLANG_ENABLE_MODULES = YES;
				CODE_SIGN_IDENTITY = "";
				CODE_SIGN_STYLE = Automatic;
				DEFINES_MODULE = YES;
				DEVELOPMENT_TEAM = 2Z8M9MTEVV;
				DYLIB_COMPATIBILITY_VERSION = 1;
				DYLIB_CURRENT_VERSION = 1;
				DYLIB_INSTALL_NAME_BASE = "@rpath";
				INFOPLIST_FILE = bson/Info.plist;
				INSTALL_PATH = "$(LOCAL_LIBRARY_DIR)/Frameworks";
				LD_RUNPATH_SEARCH_PATHS = "$(inherited) @executable_path/Frameworks @loader_path/Frameworks";
				PRODUCT_BUNDLE_IDENTIFIER = mongo.bson;
				PRODUCT_NAME = "$(TARGET_NAME:c99extidentifier)";
				SKIP_INSTALL = YES;
				SWIFT_VERSION = 4.0;
				TARGETED_DEVICE_FAMILY = "1,2";
			};
			name = Release;
		};
		492218B81FC5FC9D00DAE038 /* Debug */ = {
			isa = XCBuildConfiguration;
			buildSettings = {
				ALWAYS_EMBED_SWIFT_STANDARD_LIBRARIES = YES;
				CODE_SIGN_STYLE = Automatic;
				DEVELOPMENT_TEAM = 2Z8M9MTEVV;
				INFOPLIST_FILE = bsonTests/Info.plist;
				LD_RUNPATH_SEARCH_PATHS = "$(inherited) @executable_path/Frameworks @loader_path/Frameworks";
				PRODUCT_BUNDLE_IDENTIFIER = mongo.bsonTests;
				PRODUCT_NAME = "$(TARGET_NAME)";
				SWIFT_VERSION = 4.0;
				TARGETED_DEVICE_FAMILY = "1,2";
			};
			name = Debug;
		};
		492218B91FC5FC9D00DAE038 /* Release */ = {
			isa = XCBuildConfiguration;
			buildSettings = {
				ALWAYS_EMBED_SWIFT_STANDARD_LIBRARIES = YES;
				CODE_SIGN_STYLE = Automatic;
				DEVELOPMENT_TEAM = 2Z8M9MTEVV;
				INFOPLIST_FILE = bsonTests/Info.plist;
				LD_RUNPATH_SEARCH_PATHS = "$(inherited) @executable_path/Frameworks @loader_path/Frameworks";
				PRODUCT_BUNDLE_IDENTIFIER = mongo.bsonTests;
				PRODUCT_NAME = "$(TARGET_NAME)";
				SWIFT_VERSION = 4.0;
				TARGETED_DEVICE_FAMILY = "1,2";
			};
			name = Release;
		};
/* End XCBuildConfiguration section */

/* Begin XCConfigurationList section */
		4922189A1FC5FC9D00DAE038 /* Build configuration list for PBXProject "bson" */ = {
			isa = XCConfigurationList;
			buildConfigurations = (
				492218B21FC5FC9D00DAE038 /* Debug */,
				492218B31FC5FC9D00DAE038 /* Release */,
			);
			defaultConfigurationIsVisible = 0;
			defaultConfigurationName = Release;
		};
		492218B41FC5FC9D00DAE038 /* Build configuration list for PBXNativeTarget "bson" */ = {
			isa = XCConfigurationList;
			buildConfigurations = (
				492218B51FC5FC9D00DAE038 /* Debug */,
				492218B61FC5FC9D00DAE038 /* Release */,
			);
			defaultConfigurationIsVisible = 0;
			defaultConfigurationName = Release;
		};
		492218B71FC5FC9D00DAE038 /* Build configuration list for PBXNativeTarget "bsonTests" */ = {
			isa = XCConfigurationList;
			buildConfigurations = (
				492218B81FC5FC9D00DAE038 /* Debug */,
				492218B91FC5FC9D00DAE038 /* Release */,
			);
			defaultConfigurationIsVisible = 0;
			defaultConfigurationName = Release;
		};
/* End XCConfigurationList section */
	};
	rootObject = 492218971FC5FC9D00DAE038 /* Project object */;
}
